// !$*UTF8*$!
{
	archiveVersion = 1;
	classes = {
	};
	objectVersion = 50;
	objects = {

/* Begin PBXBuildFile section */
		9805683423B92DD40056D199 /* FarmerFormated.swift in Sources */ = {isa = PBXBuildFile; fileRef = 9805683323B92DD40056D199 /* FarmerFormated.swift */; };
		9805683823B954630056D199 /* FarmerTableViewModel.swift in Sources */ = {isa = PBXBuildFile; fileRef = 9805683723B954630056D199 /* FarmerTableViewModel.swift */; };
		980ECA142430261700AAD0AB /* CuturalPracticeFormView.swift in Sources */ = {isa = PBXBuildFile; fileRef = 980ECA132430261700AAD0AB /* CuturalPracticeFormView.swift */; };
		980ECA162430286D00AAD0AB /* HeaderPresentedView.swift in Sources */ = {isa = PBXBuildFile; fileRef = 980ECA152430286D00AAD0AB /* HeaderPresentedView.swift */; };
		9810DA42242F0FCA00545A23 /* CulturalPracticeFormViewController.swift in Sources */ = {isa = PBXBuildFile; fileRef = 9810DA41242F0FCA00545A23 /* CulturalPracticeFormViewController.swift */; };
		9810DA44242F0FE800545A23 /* CulturalPracticeFormViewModel.swift in Sources */ = {isa = PBXBuildFile; fileRef = 9810DA43242F0FE800545A23 /* CulturalPracticeFormViewModel.swift */; };
		9810DA46242F114700545A23 /* CulturalPracticeFormState.swift in Sources */ = {isa = PBXBuildFile; fileRef = 9810DA45242F114700545A23 /* CulturalPracticeFormState.swift */; };
		9810DA48242F135300545A23 /* CulturalPracticeReducer.swift in Sources */ = {isa = PBXBuildFile; fileRef = 9810DA47242F135300545A23 /* CulturalPracticeReducer.swift */; };
		9810DA4A242F184A00545A23 /* CulturalPracticeAction.swift in Sources */ = {isa = PBXBuildFile; fileRef = 9810DA49242F184A00545A23 /* CulturalPracticeAction.swift */; };
		9810DA4C242F1EEE00545A23 /* CulturalPracticeFormReducer.swift in Sources */ = {isa = PBXBuildFile; fileRef = 9810DA4B242F1EEE00545A23 /* CulturalPracticeFormReducer.swift */; };
		9810DA4E242F1F9A00545A23 /* CulturalPracticeFormAction.swift in Sources */ = {isa = PBXBuildFile; fileRef = 9810DA4D242F1F9A00545A23 /* CulturalPracticeFormAction.swift */; };
		98304AD423EE19A400510FFE /* UtilAreaPolygon.swift in Sources */ = {isa = PBXBuildFile; fileRef = 98304AD323EE19A400510FFE /* UtilAreaPolygon.swift */; };
		98304AD623EE21E200510FFE /* ErrorValueEnum.swift in Sources */ = {isa = PBXBuildFile; fileRef = 98304AD523EE21E200510FFE /* ErrorValueEnum.swift */; };
		98363B2D23DECA3F00AFFC63 /* MapFieldViewController.swift in Sources */ = {isa = PBXBuildFile; fileRef = 98363B2C23DECA3F00AFFC63 /* MapFieldViewController.swift */; };
		98363B3023DECA9F00AFFC63 /* MapFieldViewModel.swift in Sources */ = {isa = PBXBuildFile; fileRef = 98363B2F23DECA9F00AFFC63 /* MapFieldViewModel.swift */; };
		98363B3623DECD7500AFFC63 /* MapFieldReducer.swift in Sources */ = {isa = PBXBuildFile; fileRef = 98363B3523DECD7500AFFC63 /* MapFieldReducer.swift */; };
		98363B3923DECDA500AFFC63 /* MapState.swift in Sources */ = {isa = PBXBuildFile; fileRef = 98363B3823DECDA500AFFC63 /* MapState.swift */; };
		98363B3C23DED00900AFFC63 /* FieldGeoJsonArray.swift in Sources */ = {isa = PBXBuildFile; fileRef = 98363B3B23DED00900AFFC63 /* FieldGeoJsonArray.swift */; };
		98363B3E23DED25A00AFFC63 /* Field.swift in Sources */ = {isa = PBXBuildFile; fileRef = 98363B3D23DED25A00AFFC63 /* Field.swift */; };
		98363B4023DED70D00AFFC63 /* MapFieldState.swift in Sources */ = {isa = PBXBuildFile; fileRef = 98363B3F23DED70D00AFFC63 /* MapFieldState.swift */; };
		98363B4223DEDF6600AFFC63 /* MapFieldAction.swift in Sources */ = {isa = PBXBuildFile; fileRef = 98363B4123DEDF6600AFFC63 /* MapFieldAction.swift */; };
		98363B4423DEE2AC00AFFC63 /* ACTU.json in Resources */ = {isa = PBXBuildFile; fileRef = 98363B4323DEE2AC00AFFC63 /* ACTU.json */; };
		98363B4823DEE34F00AFFC63 /* MapFieldRepository.swift in Sources */ = {isa = PBXBuildFile; fileRef = 98363B4723DEE34F00AFFC63 /* MapFieldRepository.swift */; };
		98363B4A23DEE3C900AFFC63 /* UtilFileReader.swift in Sources */ = {isa = PBXBuildFile; fileRef = 98363B4923DEE3C900AFFC63 /* UtilFileReader.swift */; };
		98363B4C23DEE57A00AFFC63 /* MapFieldService.swift in Sources */ = {isa = PBXBuildFile; fileRef = 98363B4B23DEE57A00AFFC63 /* MapFieldService.swift */; };
		98363B4E23DEEABA00AFFC63 /* GetAllFieldsService.swift in Sources */ = {isa = PBXBuildFile; fileRef = 98363B4D23DEEAB900AFFC63 /* GetAllFieldsService.swift */; };
		98363B5123DEEC7A00AFFC63 /* mapFieldMiddleware.swift in Sources */ = {isa = PBXBuildFile; fileRef = 98363B5023DEEC7A00AFFC63 /* mapFieldMiddleware.swift */; };
		98363B5323DEED2100AFFC63 /* GetAllFieldMiddleware.swift in Sources */ = {isa = PBXBuildFile; fileRef = 98363B5223DEED2100AFFC63 /* GetAllFieldMiddleware.swift */; };
		98363B5523DEF0EC00AFFC63 /* MapFieldInteraction.swift in Sources */ = {isa = PBXBuildFile; fileRef = 98363B5423DEF0EC00AFFC63 /* MapFieldInteraction.swift */; };
		98363B6023DFF7EA00AFFC63 /* MapFieldView.swift in Sources */ = {isa = PBXBuildFile; fileRef = 98363B5F23DFF7EA00AFFC63 /* MapFieldView.swift */; };
		98363B6223E028BD00AFFC63 /* Util.swift in Sources */ = {isa = PBXBuildFile; fileRef = 98363B6123E028BD00AFFC63 /* Util.swift */; };
		98457B662423E5FA00AF4C90 /* CulturalPraticeViewController.swift in Sources */ = {isa = PBXBuildFile; fileRef = 98457B652423E5FA00AF4C90 /* CulturalPraticeViewController.swift */; };
		98457B682423E64F00AF4C90 /* CulturalPraticeView.swift in Sources */ = {isa = PBXBuildFile; fileRef = 98457B672423E64F00AF4C90 /* CulturalPraticeView.swift */; };
		98457BAA2427353B00AF4C90 /* CulturalPractice.swift in Sources */ = {isa = PBXBuildFile; fileRef = 9854BFE6240A224600E5AB8A /* CulturalPractice.swift */; };
		9854BFD52408F53400E5AB8A /* FieldListViewController.swift in Sources */ = {isa = PBXBuildFile; fileRef = 9854BFD42408F53400E5AB8A /* FieldListViewController.swift */; };
		9854BFD72408F5F700E5AB8A /* TitleView.swift in Sources */ = {isa = PBXBuildFile; fileRef = 9854BFD62408F5F700E5AB8A /* TitleView.swift */; };
		9854BFDD2409000E00E5AB8A /* ContainerFieldNavigationView.swift in Sources */ = {isa = PBXBuildFile; fileRef = 9854BFDC2409000E00E5AB8A /* ContainerFieldNavigationView.swift */; };
		9854BFDF2409047C00E5AB8A /* FieldListView.swift in Sources */ = {isa = PBXBuildFile; fileRef = 9854BFDE2409047C00E5AB8A /* FieldListView.swift */; };
		9854BFE1240A1C3C00E5AB8A /* ContainerMapAndListFieldViewController.swift in Sources */ = {isa = PBXBuildFile; fileRef = 9854BFE0240A1C3C00E5AB8A /* ContainerMapAndListFieldViewController.swift */; };
		9854BFE3240A1D6200E5AB8A /* FieldListViewModelImpl.swift in Sources */ = {isa = PBXBuildFile; fileRef = 9854BFE2240A1D6200E5AB8A /* FieldListViewModelImpl.swift */; };
		9854BFE5240A1FA500E5AB8A /* FieldListState.swift in Sources */ = {isa = PBXBuildFile; fileRef = 9854BFE4240A1FA500E5AB8A /* FieldListState.swift */; };
		9854BFEC240A2B9900E5AB8A /* Localizable.strings in Resources */ = {isa = PBXBuildFile; fileRef = 9854BFEE240A2B9900E5AB8A /* Localizable.strings */; };
		9854BFF3240B668F00E5AB8A /* MapDependecyContainer.swift in Sources */ = {isa = PBXBuildFile; fileRef = 9854BFF2240B668F00E5AB8A /* MapDependecyContainer.swift */; };
		9854BFF5240B7A9F00E5AB8A /* FieldListInteraction.swift in Sources */ = {isa = PBXBuildFile; fileRef = 9854BFF4240B7A9F00E5AB8A /* FieldListInteraction.swift */; };
		9854BFF9240B901A00E5AB8A /* CulturalPracticeViewModel.swift in Sources */ = {isa = PBXBuildFile; fileRef = 9854BFF8240B901A00E5AB8A /* CulturalPracticeViewModel.swift */; };
		9854BFFB240B956400E5AB8A /* CulturalPracticeState.swift in Sources */ = {isa = PBXBuildFile; fileRef = 9854BFFA240B956400E5AB8A /* CulturalPracticeState.swift */; };
		9854BFFF240B9DD500E5AB8A /* FieldCuturalPracticeInteraction.swift in Sources */ = {isa = PBXBuildFile; fileRef = 9854BFFE240B9DD500E5AB8A /* FieldCuturalPracticeInteraction.swift */; };
		9854C001240BC1C100E5AB8A /* Identifier.swift in Sources */ = {isa = PBXBuildFile; fileRef = 9854C000240BC1C100E5AB8A /* Identifier.swift */; };
		9854C003240BC60400E5AB8A /* ContainerVIewControllers.swift in Sources */ = {isa = PBXBuildFile; fileRef = 9854C002240BC60400E5AB8A /* ContainerVIewControllers.swift */; };
		9860400023BD855F00D5B538 /* AppState.swift in Sources */ = {isa = PBXBuildFile; fileRef = 98603FFF23BD855F00D5B538 /* AppState.swift */; };
		9860400423BD868A00D5B538 /* FarmerTableVIewControllerState.swift in Sources */ = {isa = PBXBuildFile; fileRef = 9860400323BD868A00D5B538 /* FarmerTableVIewControllerState.swift */; };
		9860400623BD882900D5B538 /* Reducers.swift in Sources */ = {isa = PBXBuildFile; fileRef = 9860400523BD882900D5B538 /* Reducers.swift */; };
		9860400A23BD8BC800D5B538 /* FarmerReducer.swift in Sources */ = {isa = PBXBuildFile; fileRef = 9860400923BD8BC800D5B538 /* FarmerReducer.swift */; };
		9860400C23BD8EEB00D5B538 /* FarmerState.swift in Sources */ = {isa = PBXBuildFile; fileRef = 9860400B23BD8EEB00D5B538 /* FarmerState.swift */; };
		9860400F23BD976800D5B538 /* StoreSubcriberProxy.swift in Sources */ = {isa = PBXBuildFile; fileRef = 9860400E23BD976800D5B538 /* StoreSubcriberProxy.swift */; };
		9860401123BD9C1700D5B538 /* StoreSubscriptionExtension.swift in Sources */ = {isa = PBXBuildFile; fileRef = 9860401023BD9C1700D5B538 /* StoreSubscriptionExtension.swift */; };
		9888C4D2243465A900B94A94 /* prototypeGeoTests.swift in Sources */ = {isa = PBXBuildFile; fileRef = 9888C4D1243465A900B94A94 /* prototypeGeoTests.swift */; };
		988F035D242B0A1B00545D59 /* ContainerElementView.swift in Sources */ = {isa = PBXBuildFile; fileRef = 988F035C242B0A1B00545D59 /* ContainerElementView.swift */; };
		98943408240F901D003C0110 /* SelectedFieldRightCalloutView.swift in Sources */ = {isa = PBXBuildFile; fileRef = 98943407240F901D003C0110 /* SelectedFieldRightCalloutView.swift */; };
		9894340A2410C76D003C0110 /* PolygonWithData.swift in Sources */ = {isa = PBXBuildFile; fileRef = 989434092410C76D003C0110 /* PolygonWithData.swift */; };
		9894340C2410FAF0003C0110 /* FieldSelectedViewCell.swift in Sources */ = {isa = PBXBuildFile; fileRef = 9894340B2410FAF0003C0110 /* FieldSelectedViewCell.swift */; };
		9894341624156067003C0110 /* .swiftlint.yml in Resources */ = {isa = PBXBuildFile; fileRef = 9894341524156067003C0110 /* .swiftlint.yml */; };
		989BEEB624345F7A0018F1D8 /* ReSwift.framework in Frameworks */ = {isa = PBXBuildFile; fileRef = 989BEEB524345F7A0018F1D8 /* ReSwift.framework */; };
		989BEEB724345F7A0018F1D8 /* ReSwift.framework in Embed Frameworks */ = {isa = PBXBuildFile; fileRef = 989BEEB524345F7A0018F1D8 /* ReSwift.framework */; settings = {ATTRIBUTES = (CodeSignOnCopy, RemoveHeadersOnCopy, ); }; };
		989BEEB924345F7E0018F1D8 /* RxBlocking.framework in Frameworks */ = {isa = PBXBuildFile; fileRef = 989BEEB824345F7E0018F1D8 /* RxBlocking.framework */; };
		989BEEBA24345F7E0018F1D8 /* RxBlocking.framework in Embed Frameworks */ = {isa = PBXBuildFile; fileRef = 989BEEB824345F7E0018F1D8 /* RxBlocking.framework */; settings = {ATTRIBUTES = (CodeSignOnCopy, RemoveHeadersOnCopy, ); }; };
		989BEEBC24345F850018F1D8 /* RxCocoa.framework in Frameworks */ = {isa = PBXBuildFile; fileRef = 989BEEBB24345F840018F1D8 /* RxCocoa.framework */; };
		989BEEBD24345F850018F1D8 /* RxCocoa.framework in Embed Frameworks */ = {isa = PBXBuildFile; fileRef = 989BEEBB24345F840018F1D8 /* RxCocoa.framework */; settings = {ATTRIBUTES = (CodeSignOnCopy, RemoveHeadersOnCopy, ); }; };
		989BEEBF24345F890018F1D8 /* RxRelay.framework in Frameworks */ = {isa = PBXBuildFile; fileRef = 989BEEBE24345F890018F1D8 /* RxRelay.framework */; };
		989BEEC024345F890018F1D8 /* RxRelay.framework in Embed Frameworks */ = {isa = PBXBuildFile; fileRef = 989BEEBE24345F890018F1D8 /* RxRelay.framework */; settings = {ATTRIBUTES = (CodeSignOnCopy, RemoveHeadersOnCopy, ); }; };
		989BEEC224345F8E0018F1D8 /* RxSwift.framework in Frameworks */ = {isa = PBXBuildFile; fileRef = 989BEEC124345F8E0018F1D8 /* RxSwift.framework */; };
		989BEEC324345F8E0018F1D8 /* RxSwift.framework in Embed Frameworks */ = {isa = PBXBuildFile; fileRef = 989BEEC124345F8E0018F1D8 /* RxSwift.framework */; settings = {ATTRIBUTES = (CodeSignOnCopy, RemoveHeadersOnCopy, ); }; };
		98A13FBF23C5A75D0087BB22 /* FarmerAddViewController.swift in Sources */ = {isa = PBXBuildFile; fileRef = 98A13FBE23C5A75D0087BB22 /* FarmerAddViewController.swift */; };
		98A2C548240E696C002A884B /* AnnotationWithData.swift in Sources */ = {isa = PBXBuildFile; fileRef = 98A2C547240E696C002A884B /* AnnotationWithData.swift */; };
		98A2C54A240E6BD9002A884B /* PayloadFieldAnnotation.swift in Sources */ = {isa = PBXBuildFile; fileRef = 98A2C549240E6BD9002A884B /* PayloadFieldAnnotation.swift */; };
		98B9990623B5076000CA7EF9 /* AppDelegate.swift in Sources */ = {isa = PBXBuildFile; fileRef = 98B9990523B5076000CA7EF9 /* AppDelegate.swift */; };
		98B9990823B5076000CA7EF9 /* SceneDelegate.swift in Sources */ = {isa = PBXBuildFile; fileRef = 98B9990723B5076000CA7EF9 /* SceneDelegate.swift */; };
		98B9990A23B5076000CA7EF9 /* ViewController.swift in Sources */ = {isa = PBXBuildFile; fileRef = 98B9990923B5076000CA7EF9 /* ViewController.swift */; };
		98B9990D23B5076000CA7EF9 /* Main.storyboard in Resources */ = {isa = PBXBuildFile; fileRef = 98B9990B23B5076000CA7EF9 /* Main.storyboard */; };
		98B9991023B5076000CA7EF9 /* prototypeGeo.xcdatamodeld in Sources */ = {isa = PBXBuildFile; fileRef = 98B9990E23B5076000CA7EF9 /* prototypeGeo.xcdatamodeld */; };
		98B9991223B5076400CA7EF9 /* Assets.xcassets in Resources */ = {isa = PBXBuildFile; fileRef = 98B9991123B5076400CA7EF9 /* Assets.xcassets */; };
		98B9991523B5076400CA7EF9 /* LaunchScreen.storyboard in Resources */ = {isa = PBXBuildFile; fileRef = 98B9991323B5076400CA7EF9 /* LaunchScreen.storyboard */; };
		98B9991D23B50ACC00CA7EF9 /* FarmerTableViewController.swift in Sources */ = {isa = PBXBuildFile; fileRef = 98B9991C23B50ACC00CA7EF9 /* FarmerTableViewController.swift */; };
		98B9992223B50B6000CA7EF9 /* Farmer.swift in Sources */ = {isa = PBXBuildFile; fileRef = 98B9992123B50B6000CA7EF9 /* Farmer.swift */; };
		98B9992423B50E0800CA7EF9 /* Section.swift in Sources */ = {isa = PBXBuildFile; fileRef = 98B9992323B50E0800CA7EF9 /* Section.swift */; };
		98BA0D7B240CDC2800948A26 /* ContainerFieldNavigationViewController.swift in Sources */ = {isa = PBXBuildFile; fileRef = 98BA0D7A240CDC2800948A26 /* ContainerFieldNavigationViewController.swift */; };
		98BA0D7D240CDDD000948A26 /* UIViewControllerExtension.swift in Sources */ = {isa = PBXBuildFile; fileRef = 98BA0D7C240CDDD000948A26 /* UIViewControllerExtension.swift */; };
		98BA0D7F240CE41F00948A26 /* ContainerMapAndListFieldView.swift in Sources */ = {isa = PBXBuildFile; fileRef = 98BA0D7E240CE41F00948A26 /* ContainerMapAndListFieldView.swift */; };
		98BA0D81240CF43600948A26 /* UIViewExtention.swift in Sources */ = {isa = PBXBuildFile; fileRef = 98BA0D80240CF43600948A26 /* UIViewExtention.swift */; };
		98D1929023BFFF7C00BF9A7A /* Actions.swift in Sources */ = {isa = PBXBuildFile; fileRef = 98D1928F23BFFF7C00BF9A7A /* Actions.swift */; };
		98D1929223C012E300BF9A7A /* AppDependencyContainer.swift in Sources */ = {isa = PBXBuildFile; fileRef = 98D1929123C012E300BF9A7A /* AppDependencyContainer.swift */; };
		98D1929523C020B000BF9A7A /* FarmerTableViewInteractions.swift in Sources */ = {isa = PBXBuildFile; fileRef = 98D1929423C020B000BF9A7A /* FarmerTableViewInteractions.swift */; };
		98D1929723C020ED00BF9A7A /* FarmerTableViewInteractionsImpl.swift in Sources */ = {isa = PBXBuildFile; fileRef = 98D1929623C020ED00BF9A7A /* FarmerTableViewInteractionsImpl.swift */; };
		98D1929923C0212C00BF9A7A /* ActionDispatcher.swift in Sources */ = {isa = PBXBuildFile; fileRef = 98D1929823C0212C00BF9A7A /* ActionDispatcher.swift */; };
		98D1929B23C034A600BF9A7A /* FamerViewCell.swift in Sources */ = {isa = PBXBuildFile; fileRef = 98D1929A23C034A600BF9A7A /* FamerViewCell.swift */; };
		98D1929E23C03CF900BF9A7A /* FarmerMiddleware.swift in Sources */ = {isa = PBXBuildFile; fileRef = 98D1929D23C03CF900BF9A7A /* FarmerMiddleware.swift */; };
		98D192A023C03E0800BF9A7A /* GetFarmersMiddleware.swift in Sources */ = {isa = PBXBuildFile; fileRef = 98D1929F23C03E0800BF9A7A /* GetFarmersMiddleware.swift */; };
		98DB0F4B242866C50065963B /* SubtitleTableViewCell.swift in Sources */ = {isa = PBXBuildFile; fileRef = 98DB0F4A242866C50065963B /* SubtitleTableViewCell.swift */; };
		98DB0F4D24286CED0065963B /* UIButtonWithData.swift in Sources */ = {isa = PBXBuildFile; fileRef = 98DB0F4C24286CED0065963B /* UIButtonWithData.swift */; };
		98DB0F5724297F960065963B /* TableState.swift in Sources */ = {isa = PBXBuildFile; fileRef = 98DB0F5624297F960065963B /* TableState.swift */; };
/* End PBXBuildFile section */

/* Begin PBXContainerItemProxy section */
		9888C4D4243465A900B94A94 /* PBXContainerItemProxy */ = {
			isa = PBXContainerItemProxy;
			containerPortal = 98B998FA23B5076000CA7EF9 /* Project object */;
			proxyType = 1;
			remoteGlobalIDString = 98B9990123B5076000CA7EF9;
			remoteInfo = prototypeGeo;
		};
/* End PBXContainerItemProxy section */

/* Begin PBXCopyFilesBuildPhase section */
		98B0D5802434586C005F1C42 /* Embed Frameworks */ = {
			isa = PBXCopyFilesBuildPhase;
			buildActionMask = 2147483647;
			dstPath = "";
			dstSubfolderSpec = 10;
			files = (
				989BEEC324345F8E0018F1D8 /* RxSwift.framework in Embed Frameworks */,
				989BEEC024345F890018F1D8 /* RxRelay.framework in Embed Frameworks */,
				989BEEBD24345F850018F1D8 /* RxCocoa.framework in Embed Frameworks */,
				989BEEB724345F7A0018F1D8 /* ReSwift.framework in Embed Frameworks */,
				989BEEBA24345F7E0018F1D8 /* RxBlocking.framework in Embed Frameworks */,
			);
			name = "Embed Frameworks";
			runOnlyForDeploymentPostprocessing = 0;
		};
/* End PBXCopyFilesBuildPhase section */

/* Begin PBXFileReference section */
		9805683323B92DD40056D199 /* FarmerFormated.swift */ = {isa = PBXFileReference; lastKnownFileType = sourcecode.swift; path = FarmerFormated.swift; sourceTree = "<group>"; };
		9805683723B954630056D199 /* FarmerTableViewModel.swift */ = {isa = PBXFileReference; lastKnownFileType = sourcecode.swift; path = FarmerTableViewModel.swift; sourceTree = "<group>"; };
		980ECA132430261700AAD0AB /* CuturalPracticeFormView.swift */ = {isa = PBXFileReference; lastKnownFileType = sourcecode.swift; path = CuturalPracticeFormView.swift; sourceTree = "<group>"; };
		980ECA152430286D00AAD0AB /* HeaderPresentedView.swift */ = {isa = PBXFileReference; lastKnownFileType = sourcecode.swift; path = HeaderPresentedView.swift; sourceTree = "<group>"; };
		9810DA41242F0FCA00545A23 /* CulturalPracticeFormViewController.swift */ = {isa = PBXFileReference; lastKnownFileType = sourcecode.swift; path = CulturalPracticeFormViewController.swift; sourceTree = "<group>"; };
		9810DA43242F0FE800545A23 /* CulturalPracticeFormViewModel.swift */ = {isa = PBXFileReference; lastKnownFileType = sourcecode.swift; path = CulturalPracticeFormViewModel.swift; sourceTree = "<group>"; };
		9810DA45242F114700545A23 /* CulturalPracticeFormState.swift */ = {isa = PBXFileReference; lastKnownFileType = sourcecode.swift; path = CulturalPracticeFormState.swift; sourceTree = "<group>"; };
		9810DA47242F135300545A23 /* CulturalPracticeReducer.swift */ = {isa = PBXFileReference; lastKnownFileType = sourcecode.swift; path = CulturalPracticeReducer.swift; sourceTree = "<group>"; };
		9810DA49242F184A00545A23 /* CulturalPracticeAction.swift */ = {isa = PBXFileReference; lastKnownFileType = sourcecode.swift; path = CulturalPracticeAction.swift; sourceTree = "<group>"; };
		9810DA4B242F1EEE00545A23 /* CulturalPracticeFormReducer.swift */ = {isa = PBXFileReference; lastKnownFileType = sourcecode.swift; path = CulturalPracticeFormReducer.swift; sourceTree = "<group>"; };
		9810DA4D242F1F9A00545A23 /* CulturalPracticeFormAction.swift */ = {isa = PBXFileReference; lastKnownFileType = sourcecode.swift; path = CulturalPracticeFormAction.swift; sourceTree = "<group>"; };
		98304AD323EE19A400510FFE /* UtilAreaPolygon.swift */ = {isa = PBXFileReference; lastKnownFileType = sourcecode.swift; path = UtilAreaPolygon.swift; sourceTree = "<group>"; };
		98304AD523EE21E200510FFE /* ErrorValueEnum.swift */ = {isa = PBXFileReference; lastKnownFileType = sourcecode.swift; path = ErrorValueEnum.swift; sourceTree = "<group>"; };
		98363B2C23DECA3F00AFFC63 /* MapFieldViewController.swift */ = {isa = PBXFileReference; lastKnownFileType = sourcecode.swift; path = MapFieldViewController.swift; sourceTree = "<group>"; };
		98363B2F23DECA9F00AFFC63 /* MapFieldViewModel.swift */ = {isa = PBXFileReference; lastKnownFileType = sourcecode.swift; path = MapFieldViewModel.swift; sourceTree = "<group>"; };
		98363B3523DECD7500AFFC63 /* MapFieldReducer.swift */ = {isa = PBXFileReference; lastKnownFileType = sourcecode.swift; path = MapFieldReducer.swift; sourceTree = "<group>"; };
		98363B3823DECDA500AFFC63 /* MapState.swift */ = {isa = PBXFileReference; lastKnownFileType = sourcecode.swift; path = MapState.swift; sourceTree = "<group>"; };
		98363B3B23DED00900AFFC63 /* FieldGeoJsonArray.swift */ = {isa = PBXFileReference; lastKnownFileType = sourcecode.swift; path = FieldGeoJsonArray.swift; sourceTree = "<group>"; };
		98363B3D23DED25A00AFFC63 /* Field.swift */ = {isa = PBXFileReference; lastKnownFileType = sourcecode.swift; path = Field.swift; sourceTree = "<group>"; };
		98363B3F23DED70D00AFFC63 /* MapFieldState.swift */ = {isa = PBXFileReference; lastKnownFileType = sourcecode.swift; path = MapFieldState.swift; sourceTree = "<group>"; };
		98363B4123DEDF6600AFFC63 /* MapFieldAction.swift */ = {isa = PBXFileReference; lastKnownFileType = sourcecode.swift; path = MapFieldAction.swift; sourceTree = "<group>"; };
		98363B4323DEE2AC00AFFC63 /* ACTU.json */ = {isa = PBXFileReference; fileEncoding = 4; lastKnownFileType = text.json; path = ACTU.json; sourceTree = "<group>"; };
		98363B4723DEE34F00AFFC63 /* MapFieldRepository.swift */ = {isa = PBXFileReference; lastKnownFileType = sourcecode.swift; path = MapFieldRepository.swift; sourceTree = "<group>"; };
		98363B4923DEE3C900AFFC63 /* UtilFileReader.swift */ = {isa = PBXFileReference; lastKnownFileType = sourcecode.swift; path = UtilFileReader.swift; sourceTree = "<group>"; };
		98363B4B23DEE57A00AFFC63 /* MapFieldService.swift */ = {isa = PBXFileReference; lastKnownFileType = sourcecode.swift; path = MapFieldService.swift; sourceTree = "<group>"; };
		98363B4D23DEEAB900AFFC63 /* GetAllFieldsService.swift */ = {isa = PBXFileReference; lastKnownFileType = sourcecode.swift; path = GetAllFieldsService.swift; sourceTree = "<group>"; };
		98363B5023DEEC7A00AFFC63 /* mapFieldMiddleware.swift */ = {isa = PBXFileReference; lastKnownFileType = sourcecode.swift; path = mapFieldMiddleware.swift; sourceTree = "<group>"; };
		98363B5223DEED2100AFFC63 /* GetAllFieldMiddleware.swift */ = {isa = PBXFileReference; lastKnownFileType = sourcecode.swift; path = GetAllFieldMiddleware.swift; sourceTree = "<group>"; };
		98363B5423DEF0EC00AFFC63 /* MapFieldInteraction.swift */ = {isa = PBXFileReference; lastKnownFileType = sourcecode.swift; path = MapFieldInteraction.swift; sourceTree = "<group>"; };
		98363B5F23DFF7EA00AFFC63 /* MapFieldView.swift */ = {isa = PBXFileReference; lastKnownFileType = sourcecode.swift; path = MapFieldView.swift; sourceTree = "<group>"; };
		98363B6123E028BD00AFFC63 /* Util.swift */ = {isa = PBXFileReference; lastKnownFileType = sourcecode.swift; path = Util.swift; sourceTree = "<group>"; };
		98457B652423E5FA00AF4C90 /* CulturalPraticeViewController.swift */ = {isa = PBXFileReference; lastKnownFileType = sourcecode.swift; path = CulturalPraticeViewController.swift; sourceTree = "<group>"; };
		98457B672423E64F00AF4C90 /* CulturalPraticeView.swift */ = {isa = PBXFileReference; lastKnownFileType = sourcecode.swift; path = CulturalPraticeView.swift; sourceTree = "<group>"; };
		9854BFD42408F53400E5AB8A /* FieldListViewController.swift */ = {isa = PBXFileReference; lastKnownFileType = sourcecode.swift; path = FieldListViewController.swift; sourceTree = "<group>"; };
		9854BFD62408F5F700E5AB8A /* TitleView.swift */ = {isa = PBXFileReference; lastKnownFileType = sourcecode.swift; path = TitleView.swift; sourceTree = "<group>"; };
		9854BFDC2409000E00E5AB8A /* ContainerFieldNavigationView.swift */ = {isa = PBXFileReference; lastKnownFileType = sourcecode.swift; path = ContainerFieldNavigationView.swift; sourceTree = "<group>"; };
		9854BFDE2409047C00E5AB8A /* FieldListView.swift */ = {isa = PBXFileReference; lastKnownFileType = sourcecode.swift; path = FieldListView.swift; sourceTree = "<group>"; };
		9854BFE0240A1C3C00E5AB8A /* ContainerMapAndListFieldViewController.swift */ = {isa = PBXFileReference; lastKnownFileType = sourcecode.swift; path = ContainerMapAndListFieldViewController.swift; sourceTree = "<group>"; };
		9854BFE2240A1D6200E5AB8A /* FieldListViewModelImpl.swift */ = {isa = PBXFileReference; lastKnownFileType = sourcecode.swift; path = FieldListViewModelImpl.swift; sourceTree = "<group>"; };
		9854BFE4240A1FA500E5AB8A /* FieldListState.swift */ = {isa = PBXFileReference; lastKnownFileType = sourcecode.swift; path = FieldListState.swift; sourceTree = "<group>"; };
		9854BFE6240A224600E5AB8A /* CulturalPractice.swift */ = {isa = PBXFileReference; lastKnownFileType = sourcecode.swift; path = CulturalPractice.swift; sourceTree = "<group>"; };
		9854BFEA240A2B7B00E5AB8A /* fr */ = {isa = PBXFileReference; lastKnownFileType = text.plist.strings; name = fr; path = fr.lproj/Main.strings; sourceTree = "<group>"; };
		9854BFEB240A2B7B00E5AB8A /* fr */ = {isa = PBXFileReference; lastKnownFileType = text.plist.strings; name = fr; path = fr.lproj/LaunchScreen.strings; sourceTree = "<group>"; };
		9854BFED240A2B9900E5AB8A /* fr */ = {isa = PBXFileReference; lastKnownFileType = text.plist.strings; name = fr; path = fr.lproj/Localizable.strings; sourceTree = "<group>"; };
		9854BFEF240A2B9C00E5AB8A /* en */ = {isa = PBXFileReference; lastKnownFileType = text.plist.strings; name = en; path = en.lproj/Localizable.strings; sourceTree = "<group>"; };
		9854BFF2240B668F00E5AB8A /* MapDependecyContainer.swift */ = {isa = PBXFileReference; lastKnownFileType = sourcecode.swift; path = MapDependecyContainer.swift; sourceTree = "<group>"; };
		9854BFF4240B7A9F00E5AB8A /* FieldListInteraction.swift */ = {isa = PBXFileReference; lastKnownFileType = sourcecode.swift; path = FieldListInteraction.swift; sourceTree = "<group>"; };
		9854BFF8240B901A00E5AB8A /* CulturalPracticeViewModel.swift */ = {isa = PBXFileReference; lastKnownFileType = sourcecode.swift; path = CulturalPracticeViewModel.swift; sourceTree = "<group>"; };
		9854BFFA240B956400E5AB8A /* CulturalPracticeState.swift */ = {isa = PBXFileReference; lastKnownFileType = sourcecode.swift; path = CulturalPracticeState.swift; sourceTree = "<group>"; };
		9854BFFE240B9DD500E5AB8A /* FieldCuturalPracticeInteraction.swift */ = {isa = PBXFileReference; lastKnownFileType = sourcecode.swift; path = FieldCuturalPracticeInteraction.swift; sourceTree = "<group>"; };
		9854C000240BC1C100E5AB8A /* Identifier.swift */ = {isa = PBXFileReference; lastKnownFileType = sourcecode.swift; path = Identifier.swift; sourceTree = "<group>"; };
		9854C002240BC60400E5AB8A /* ContainerVIewControllers.swift */ = {isa = PBXFileReference; lastKnownFileType = sourcecode.swift; path = ContainerVIewControllers.swift; sourceTree = "<group>"; };
		98603FFF23BD855F00D5B538 /* AppState.swift */ = {isa = PBXFileReference; lastKnownFileType = sourcecode.swift; path = AppState.swift; sourceTree = "<group>"; };
		9860400323BD868A00D5B538 /* FarmerTableVIewControllerState.swift */ = {isa = PBXFileReference; lastKnownFileType = sourcecode.swift; path = FarmerTableVIewControllerState.swift; sourceTree = "<group>"; };
		9860400523BD882900D5B538 /* Reducers.swift */ = {isa = PBXFileReference; lastKnownFileType = sourcecode.swift; path = Reducers.swift; sourceTree = "<group>"; };
		9860400923BD8BC800D5B538 /* FarmerReducer.swift */ = {isa = PBXFileReference; lastKnownFileType = sourcecode.swift; path = FarmerReducer.swift; sourceTree = "<group>"; };
		9860400B23BD8EEB00D5B538 /* FarmerState.swift */ = {isa = PBXFileReference; lastKnownFileType = sourcecode.swift; path = FarmerState.swift; sourceTree = "<group>"; };
		9860400E23BD976800D5B538 /* StoreSubcriberProxy.swift */ = {isa = PBXFileReference; lastKnownFileType = sourcecode.swift; path = StoreSubcriberProxy.swift; sourceTree = "<group>"; };
		9860401023BD9C1700D5B538 /* StoreSubscriptionExtension.swift */ = {isa = PBXFileReference; lastKnownFileType = sourcecode.swift; path = StoreSubscriptionExtension.swift; sourceTree = "<group>"; };
		9888C4CF243465A900B94A94 /* prototypeGeoTests.xctest */ = {isa = PBXFileReference; explicitFileType = wrapper.cfbundle; includeInIndex = 0; path = prototypeGeoTests.xctest; sourceTree = BUILT_PRODUCTS_DIR; };
		9888C4D1243465A900B94A94 /* prototypeGeoTests.swift */ = {isa = PBXFileReference; lastKnownFileType = sourcecode.swift; path = prototypeGeoTests.swift; sourceTree = "<group>"; };
		9888C4D3243465A900B94A94 /* Info.plist */ = {isa = PBXFileReference; lastKnownFileType = text.plist.xml; path = Info.plist; sourceTree = "<group>"; };
		988F035C242B0A1B00545D59 /* ContainerElementView.swift */ = {isa = PBXFileReference; lastKnownFileType = sourcecode.swift; path = ContainerElementView.swift; sourceTree = "<group>"; };
		98943407240F901D003C0110 /* SelectedFieldRightCalloutView.swift */ = {isa = PBXFileReference; lastKnownFileType = sourcecode.swift; path = SelectedFieldRightCalloutView.swift; sourceTree = "<group>"; };
		989434092410C76D003C0110 /* PolygonWithData.swift */ = {isa = PBXFileReference; lastKnownFileType = sourcecode.swift; path = PolygonWithData.swift; sourceTree = "<group>"; };
		9894340B2410FAF0003C0110 /* FieldSelectedViewCell.swift */ = {isa = PBXFileReference; lastKnownFileType = sourcecode.swift; path = FieldSelectedViewCell.swift; sourceTree = "<group>"; };
		9894341524156067003C0110 /* .swiftlint.yml */ = {isa = PBXFileReference; fileEncoding = 4; lastKnownFileType = text.yaml; path = .swiftlint.yml; sourceTree = "<group>"; };
		989BEEB124345CB60018F1D8 /* prototypeGeo.app */ = {isa = PBXFileReference; explicitFileType = wrapper.application; includeInIndex = 0; path = prototypeGeo.app; sourceTree = BUILT_PRODUCTS_DIR; };
		989BEEB324345D360018F1D8 /* MapKit.framework */ = {isa = PBXFileReference; lastKnownFileType = wrapper.framework; name = MapKit.framework; path = System/Library/Frameworks/MapKit.framework; sourceTree = SDKROOT; };
		989BEEB524345F7A0018F1D8 /* ReSwift.framework */ = {isa = PBXFileReference; lastKnownFileType = wrapper.framework; name = ReSwift.framework; path = Carthage/Build/iOS/ReSwift.framework; sourceTree = "<group>"; };
		989BEEB824345F7E0018F1D8 /* RxBlocking.framework */ = {isa = PBXFileReference; lastKnownFileType = wrapper.framework; name = RxBlocking.framework; path = Carthage/Build/iOS/RxBlocking.framework; sourceTree = "<group>"; };
		989BEEBB24345F840018F1D8 /* RxCocoa.framework */ = {isa = PBXFileReference; lastKnownFileType = wrapper.framework; name = RxCocoa.framework; path = Carthage/Build/iOS/RxCocoa.framework; sourceTree = "<group>"; };
		989BEEBE24345F890018F1D8 /* RxRelay.framework */ = {isa = PBXFileReference; lastKnownFileType = wrapper.framework; name = RxRelay.framework; path = Carthage/Build/iOS/RxRelay.framework; sourceTree = "<group>"; };
		989BEEC124345F8E0018F1D8 /* RxSwift.framework */ = {isa = PBXFileReference; lastKnownFileType = wrapper.framework; name = RxSwift.framework; path = Carthage/Build/iOS/RxSwift.framework; sourceTree = "<group>"; };
		989BEEC424345F920018F1D8 /* RxTest.framework */ = {isa = PBXFileReference; lastKnownFileType = wrapper.framework; name = RxTest.framework; path = Carthage/Build/iOS/RxTest.framework; sourceTree = "<group>"; };
		989BEEC724345FB00018F1D8 /* UIKit.framework */ = {isa = PBXFileReference; lastKnownFileType = wrapper.framework; name = UIKit.framework; path = System/Library/Frameworks/UIKit.framework; sourceTree = SDKROOT; };
		989BEEC9243460DB0018F1D8 /* XCTest.framework */ = {isa = PBXFileReference; lastKnownFileType = wrapper.framework; name = XCTest.framework; path = Platforms/iPhoneOS.platform/Developer/Library/Frameworks/XCTest.framework; sourceTree = DEVELOPER_DIR; };
		98A13FBE23C5A75D0087BB22 /* FarmerAddViewController.swift */ = {isa = PBXFileReference; lastKnownFileType = sourcecode.swift; path = FarmerAddViewController.swift; sourceTree = "<group>"; };
		98A2C547240E696C002A884B /* AnnotationWithData.swift */ = {isa = PBXFileReference; lastKnownFileType = sourcecode.swift; path = AnnotationWithData.swift; sourceTree = "<group>"; };
		98A2C549240E6BD9002A884B /* PayloadFieldAnnotation.swift */ = {isa = PBXFileReference; lastKnownFileType = sourcecode.swift; path = PayloadFieldAnnotation.swift; sourceTree = "<group>"; };
		98B9990523B5076000CA7EF9 /* AppDelegate.swift */ = {isa = PBXFileReference; lastKnownFileType = sourcecode.swift; path = AppDelegate.swift; sourceTree = "<group>"; };
		98B9990723B5076000CA7EF9 /* SceneDelegate.swift */ = {isa = PBXFileReference; lastKnownFileType = sourcecode.swift; path = SceneDelegate.swift; sourceTree = "<group>"; };
		98B9990923B5076000CA7EF9 /* ViewController.swift */ = {isa = PBXFileReference; lastKnownFileType = sourcecode.swift; path = ViewController.swift; sourceTree = "<group>"; };
		98B9990C23B5076000CA7EF9 /* Base */ = {isa = PBXFileReference; lastKnownFileType = file.storyboard; name = Base; path = Base.lproj/Main.storyboard; sourceTree = "<group>"; };
		98B9990F23B5076000CA7EF9 /* prototypeGeo.xcdatamodel */ = {isa = PBXFileReference; lastKnownFileType = wrapper.xcdatamodel; path = prototypeGeo.xcdatamodel; sourceTree = "<group>"; };
		98B9991123B5076400CA7EF9 /* Assets.xcassets */ = {isa = PBXFileReference; lastKnownFileType = folder.assetcatalog; path = Assets.xcassets; sourceTree = "<group>"; };
		98B9991423B5076400CA7EF9 /* Base */ = {isa = PBXFileReference; lastKnownFileType = file.storyboard; name = Base; path = Base.lproj/LaunchScreen.storyboard; sourceTree = "<group>"; };
		98B9991623B5076400CA7EF9 /* Info.plist */ = {isa = PBXFileReference; lastKnownFileType = text.plist.xml; path = Info.plist; sourceTree = "<group>"; };
		98B9991C23B50ACC00CA7EF9 /* FarmerTableViewController.swift */ = {isa = PBXFileReference; lastKnownFileType = sourcecode.swift; path = FarmerTableViewController.swift; sourceTree = "<group>"; };
		98B9992123B50B6000CA7EF9 /* Farmer.swift */ = {isa = PBXFileReference; lastKnownFileType = sourcecode.swift; path = Farmer.swift; sourceTree = "<group>"; };
		98B9992323B50E0800CA7EF9 /* Section.swift */ = {isa = PBXFileReference; lastKnownFileType = sourcecode.swift; path = Section.swift; sourceTree = "<group>"; };
		98BA0D7A240CDC2800948A26 /* ContainerFieldNavigationViewController.swift */ = {isa = PBXFileReference; lastKnownFileType = sourcecode.swift; path = ContainerFieldNavigationViewController.swift; sourceTree = "<group>"; };
		98BA0D7C240CDDD000948A26 /* UIViewControllerExtension.swift */ = {isa = PBXFileReference; lastKnownFileType = sourcecode.swift; path = UIViewControllerExtension.swift; sourceTree = "<group>"; };
		98BA0D7E240CE41F00948A26 /* ContainerMapAndListFieldView.swift */ = {isa = PBXFileReference; lastKnownFileType = sourcecode.swift; path = ContainerMapAndListFieldView.swift; sourceTree = "<group>"; };
		98BA0D80240CF43600948A26 /* UIViewExtention.swift */ = {isa = PBXFileReference; lastKnownFileType = sourcecode.swift; path = UIViewExtention.swift; sourceTree = "<group>"; };
		98D1928F23BFFF7C00BF9A7A /* Actions.swift */ = {isa = PBXFileReference; lastKnownFileType = sourcecode.swift; path = Actions.swift; sourceTree = "<group>"; };
		98D1929123C012E300BF9A7A /* AppDependencyContainer.swift */ = {isa = PBXFileReference; lastKnownFileType = sourcecode.swift; path = AppDependencyContainer.swift; sourceTree = "<group>"; };
		98D1929423C020B000BF9A7A /* FarmerTableViewInteractions.swift */ = {isa = PBXFileReference; lastKnownFileType = sourcecode.swift; path = FarmerTableViewInteractions.swift; sourceTree = "<group>"; };
		98D1929623C020ED00BF9A7A /* FarmerTableViewInteractionsImpl.swift */ = {isa = PBXFileReference; lastKnownFileType = sourcecode.swift; path = FarmerTableViewInteractionsImpl.swift; sourceTree = "<group>"; };
		98D1929823C0212C00BF9A7A /* ActionDispatcher.swift */ = {isa = PBXFileReference; lastKnownFileType = sourcecode.swift; path = ActionDispatcher.swift; sourceTree = "<group>"; };
		98D1929A23C034A600BF9A7A /* FamerViewCell.swift */ = {isa = PBXFileReference; lastKnownFileType = sourcecode.swift; path = FamerViewCell.swift; sourceTree = "<group>"; };
		98D1929D23C03CF900BF9A7A /* FarmerMiddleware.swift */ = {isa = PBXFileReference; lastKnownFileType = sourcecode.swift; path = FarmerMiddleware.swift; sourceTree = "<group>"; };
		98D1929F23C03E0800BF9A7A /* GetFarmersMiddleware.swift */ = {isa = PBXFileReference; lastKnownFileType = sourcecode.swift; path = GetFarmersMiddleware.swift; sourceTree = "<group>"; };
		98DB0F4A242866C50065963B /* SubtitleTableViewCell.swift */ = {isa = PBXFileReference; lastKnownFileType = sourcecode.swift; path = SubtitleTableViewCell.swift; sourceTree = "<group>"; };
		98DB0F4C24286CED0065963B /* UIButtonWithData.swift */ = {isa = PBXFileReference; lastKnownFileType = sourcecode.swift; path = UIButtonWithData.swift; sourceTree = "<group>"; };
		98DB0F5624297F960065963B /* TableState.swift */ = {isa = PBXFileReference; lastKnownFileType = sourcecode.swift; path = TableState.swift; sourceTree = "<group>"; };
/* End PBXFileReference section */

/* Begin PBXFrameworksBuildPhase section */
		9888C4CC243465A900B94A94 /* Frameworks */ = {
			isa = PBXFrameworksBuildPhase;
			buildActionMask = 2147483647;
			files = (
			);
			runOnlyForDeploymentPostprocessing = 0;
		};
		98B998FF23B5076000CA7EF9 /* Frameworks */ = {
			isa = PBXFrameworksBuildPhase;
			buildActionMask = 2147483647;
			files = (
				989BEEBC24345F850018F1D8 /* RxCocoa.framework in Frameworks */,
				989BEEC224345F8E0018F1D8 /* RxSwift.framework in Frameworks */,
				989BEEB624345F7A0018F1D8 /* ReSwift.framework in Frameworks */,
				989BEEB924345F7E0018F1D8 /* RxBlocking.framework in Frameworks */,
				989BEEBF24345F890018F1D8 /* RxRelay.framework in Frameworks */,
			);
			runOnlyForDeploymentPostprocessing = 0;
		};
/* End PBXFrameworksBuildPhase section */

/* Begin PBXGroup section */
		98304AD223EE185900510FFE /* Calcul */ = {
			isa = PBXGroup;
			children = (
				98304AD323EE19A400510FFE /* UtilAreaPolygon.swift */,
			);
			path = Calcul;
			sourceTree = "<group>";
		};
		98363B2A23DEC70D00AFFC63 /* Map */ = {
			isa = PBXGroup;
			children = (
				98363B5E23DFF7CF00AFFC63 /* views */,
				98363B3123DECADF00AFFC63 /* stores */,
				98363B2E23DECA6200AFFC63 /* viewModels */,
				98363B2B23DEC75400AFFC63 /* viewControllers */,
				9854BFF2240B668F00E5AB8A /* MapDependecyContainer.swift */,
			);
			path = Map;
			sourceTree = "<group>";
		};
		98363B2B23DEC75400AFFC63 /* viewControllers */ = {
			isa = PBXGroup;
			children = (
				98363B2C23DECA3F00AFFC63 /* MapFieldViewController.swift */,
				9854BFD42408F53400E5AB8A /* FieldListViewController.swift */,
				9854BFE0240A1C3C00E5AB8A /* ContainerMapAndListFieldViewController.swift */,
				98BA0D7A240CDC2800948A26 /* ContainerFieldNavigationViewController.swift */,
				98457B652423E5FA00AF4C90 /* CulturalPraticeViewController.swift */,
				9810DA41242F0FCA00545A23 /* CulturalPracticeFormViewController.swift */,
			);
			path = viewControllers;
			sourceTree = "<group>";
		};
		98363B2E23DECA6200AFFC63 /* viewModels */ = {
			isa = PBXGroup;
			children = (
				98363B2F23DECA9F00AFFC63 /* MapFieldViewModel.swift */,
				9854BFE2240A1D6200E5AB8A /* FieldListViewModelImpl.swift */,
				9854BFF8240B901A00E5AB8A /* CulturalPracticeViewModel.swift */,
				9810DA43242F0FE800545A23 /* CulturalPracticeFormViewModel.swift */,
			);
			path = viewModels;
			sourceTree = "<group>";
		};
		98363B3123DECADF00AFFC63 /* stores */ = {
			isa = PBXGroup;
			children = (
				98363B4F23DEEC4500AFFC63 /* middlewares */,
				98363B4623DEE33300AFFC63 /* repositories */,
				98363B4523DEE30600AFFC63 /* services */,
				98363B3A23DECFB400AFFC63 /* models */,
				98363B3723DECD8200AFFC63 /* states */,
				98363B3423DECB2800AFFC63 /* reducers */,
				98363B3323DECB1200AFFC63 /* actions */,
				98363B3223DECAFC00AFFC63 /* interactions */,
			);
			path = stores;
			sourceTree = "<group>";
		};
		98363B3223DECAFC00AFFC63 /* interactions */ = {
			isa = PBXGroup;
			children = (
				98363B5423DEF0EC00AFFC63 /* MapFieldInteraction.swift */,
				9854BFF4240B7A9F00E5AB8A /* FieldListInteraction.swift */,
				9854BFFE240B9DD500E5AB8A /* FieldCuturalPracticeInteraction.swift */,
			);
			path = interactions;
			sourceTree = "<group>";
		};
		98363B3323DECB1200AFFC63 /* actions */ = {
			isa = PBXGroup;
			children = (
				98363B4123DEDF6600AFFC63 /* MapFieldAction.swift */,
				9810DA49242F184A00545A23 /* CulturalPracticeAction.swift */,
				9810DA4D242F1F9A00545A23 /* CulturalPracticeFormAction.swift */,
			);
			path = actions;
			sourceTree = "<group>";
		};
		98363B3423DECB2800AFFC63 /* reducers */ = {
			isa = PBXGroup;
			children = (
				98363B3523DECD7500AFFC63 /* MapFieldReducer.swift */,
				9810DA47242F135300545A23 /* CulturalPracticeReducer.swift */,
				9810DA4B242F1EEE00545A23 /* CulturalPracticeFormReducer.swift */,
			);
			path = reducers;
			sourceTree = "<group>";
		};
		98363B3723DECD8200AFFC63 /* states */ = {
			isa = PBXGroup;
			children = (
				98363B3823DECDA500AFFC63 /* MapState.swift */,
				98363B3F23DED70D00AFFC63 /* MapFieldState.swift */,
				9854BFE4240A1FA500E5AB8A /* FieldListState.swift */,
				9854BFFA240B956400E5AB8A /* CulturalPracticeState.swift */,
				9810DA45242F114700545A23 /* CulturalPracticeFormState.swift */,
			);
			path = states;
			sourceTree = "<group>";
		};
		98363B3A23DECFB400AFFC63 /* models */ = {
			isa = PBXGroup;
			children = (
				98363B3B23DED00900AFFC63 /* FieldGeoJsonArray.swift */,
				98363B3D23DED25A00AFFC63 /* Field.swift */,
				98A2C549240E6BD9002A884B /* PayloadFieldAnnotation.swift */,
				9854BFE6240A224600E5AB8A /* CulturalPractice.swift */,
			);
			path = models;
			sourceTree = "<group>";
		};
		98363B4523DEE30600AFFC63 /* services */ = {
			isa = PBXGroup;
			children = (
				98363B4B23DEE57A00AFFC63 /* MapFieldService.swift */,
				98363B4D23DEEAB900AFFC63 /* GetAllFieldsService.swift */,
			);
			path = services;
			sourceTree = "<group>";
		};
		98363B4623DEE33300AFFC63 /* repositories */ = {
			isa = PBXGroup;
			children = (
				98363B4723DEE34F00AFFC63 /* MapFieldRepository.swift */,
			);
			path = repositories;
			sourceTree = "<group>";
		};
		98363B4F23DEEC4500AFFC63 /* middlewares */ = {
			isa = PBXGroup;
			children = (
				98363B5023DEEC7A00AFFC63 /* mapFieldMiddleware.swift */,
				98363B5223DEED2100AFFC63 /* GetAllFieldMiddleware.swift */,
			);
			path = middlewares;
			sourceTree = "<group>";
		};
		98363B5E23DFF7CF00AFFC63 /* views */ = {
			isa = PBXGroup;
			children = (
				98363B5F23DFF7EA00AFFC63 /* MapFieldView.swift */,
				9854BFD62408F5F700E5AB8A /* TitleView.swift */,
				9854BFDC2409000E00E5AB8A /* ContainerFieldNavigationView.swift */,
				9854BFDE2409047C00E5AB8A /* FieldListView.swift */,
				98BA0D7E240CE41F00948A26 /* ContainerMapAndListFieldView.swift */,
				98943407240F901D003C0110 /* SelectedFieldRightCalloutView.swift */,
				9894340B2410FAF0003C0110 /* FieldSelectedViewCell.swift */,
				98457B672423E64F00AF4C90 /* CulturalPraticeView.swift */,
				98DB0F4A242866C50065963B /* SubtitleTableViewCell.swift */,
				988F035C242B0A1B00545D59 /* ContainerElementView.swift */,
				980ECA132430261700AAD0AB /* CuturalPracticeFormView.swift */,
				980ECA152430286D00AAD0AB /* HeaderPresentedView.swift */,
			);
			path = views;
			sourceTree = "<group>";
		};
		98603FFE23BD854400D5B538 /* store */ = {
			isa = PBXGroup;
			children = (
				98603FFF23BD855F00D5B538 /* AppState.swift */,
				9860400523BD882900D5B538 /* Reducers.swift */,
				9860400E23BD976800D5B538 /* StoreSubcriberProxy.swift */,
				9860401023BD9C1700D5B538 /* StoreSubscriptionExtension.swift */,
			);
			path = store;
			sourceTree = "<group>";
		};
		9860400223BD864D00D5B538 /* states */ = {
			isa = PBXGroup;
			children = (
				9860400323BD868A00D5B538 /* FarmerTableVIewControllerState.swift */,
				9860400B23BD8EEB00D5B538 /* FarmerState.swift */,
			);
			path = states;
			sourceTree = "<group>";
		};
		9860400723BD8A0400D5B538 /* reducers */ = {
			isa = PBXGroup;
			children = (
				9860400923BD8BC800D5B538 /* FarmerReducer.swift */,
			);
			path = reducers;
			sourceTree = "<group>";
		};
		9860400823BD8A1100D5B538 /* stores */ = {
			isa = PBXGroup;
			children = (
				98B9992023B50B3000CA7EF9 /* models */,
				98D1929C23C03CB000BF9A7A /* middlewares */,
				98D1929323C01FDF00BF9A7A /* interactions */,
				9860400D23BD953000D5B538 /* actions */,
				9860400723BD8A0400D5B538 /* reducers */,
				9860400223BD864D00D5B538 /* states */,
			);
			path = stores;
			sourceTree = "<group>";
		};
		9860400D23BD953000D5B538 /* actions */ = {
			isa = PBXGroup;
			children = (
				98D1928F23BFFF7C00BF9A7A /* Actions.swift */,
			);
			path = actions;
			sourceTree = "<group>";
		};
		987820D123C5A20D0086ED75 /* viewModels */ = {
			isa = PBXGroup;
			children = (
				9805683723B954630056D199 /* FarmerTableViewModel.swift */,
			);
			path = viewModels;
			sourceTree = "<group>";
		};
		987820D223C5A22C0086ED75 /* views */ = {
			isa = PBXGroup;
			children = (
				98D1929A23C034A600BF9A7A /* FamerViewCell.swift */,
			);
			path = views;
			sourceTree = "<group>";
		};
		9888C4D0243465A900B94A94 /* prototypeGeoTests */ = {
			isa = PBXGroup;
			children = (
				9888C4D1243465A900B94A94 /* prototypeGeoTests.swift */,
				9888C4D3243465A900B94A94 /* Info.plist */,
			);
			path = prototypeGeoTests;
			sourceTree = "<group>";
		};
		989BEEB224345D360018F1D8 /* Frameworks */ = {
			isa = PBXGroup;
			children = (
				989BEEC9243460DB0018F1D8 /* XCTest.framework */,
				989BEEC724345FB00018F1D8 /* UIKit.framework */,
				989BEEC424345F920018F1D8 /* RxTest.framework */,
				989BEEC124345F8E0018F1D8 /* RxSwift.framework */,
				989BEEBE24345F890018F1D8 /* RxRelay.framework */,
				989BEEBB24345F840018F1D8 /* RxCocoa.framework */,
				989BEEB824345F7E0018F1D8 /* RxBlocking.framework */,
				989BEEB524345F7A0018F1D8 /* ReSwift.framework */,
				989BEEB324345D360018F1D8 /* MapKit.framework */,
			);
			name = Frameworks;
			sourceTree = "<group>";
		};
		98B998F923B5076000CA7EF9 = {
			isa = PBXGroup;
			children = (
				9894341524156067003C0110 /* .swiftlint.yml */,
				98B9990423B5076000CA7EF9 /* prototypeGeo */,
				989BEEB124345CB60018F1D8 /* prototypeGeo.app */,
				9888C4D0243465A900B94A94 /* prototypeGeoTests */,
				989BEEB224345D360018F1D8 /* Frameworks */,
				9888C4CF243465A900B94A94 /* prototypeGeoTests.xctest */,
			);
			sourceTree = "<group>";
		};
		98B9990423B5076000CA7EF9 /* prototypeGeo */ = {
			isa = PBXGroup;
			children = (
				98304AD223EE185900510FFE /* Calcul */,
				98603FFE23BD854400D5B538 /* store */,
				98B9992523B50E2C00CA7EF9 /* libs */,
				98363B2A23DEC70D00AFFC63 /* Map */,
				98B9991E23B50AF100CA7EF9 /* Farmer */,
				98B9990523B5076000CA7EF9 /* AppDelegate.swift */,
				98B9990723B5076000CA7EF9 /* SceneDelegate.swift */,
				98B9990923B5076000CA7EF9 /* ViewController.swift */,
				98B9990B23B5076000CA7EF9 /* Main.storyboard */,
				98B9991123B5076400CA7EF9 /* Assets.xcassets */,
				98B9991323B5076400CA7EF9 /* LaunchScreen.storyboard */,
				98B9991623B5076400CA7EF9 /* Info.plist */,
				98B9990E23B5076000CA7EF9 /* prototypeGeo.xcdatamodeld */,
				98D1929123C012E300BF9A7A /* AppDependencyContainer.swift */,
				98363B4323DEE2AC00AFFC63 /* ACTU.json */,
				9854BFEE240A2B9900E5AB8A /* Localizable.strings */,
			);
			path = prototypeGeo;
			sourceTree = "<group>";
		};
		98B9991E23B50AF100CA7EF9 /* Farmer */ = {
			isa = PBXGroup;
			children = (
				987820D223C5A22C0086ED75 /* views */,
				987820D123C5A20D0086ED75 /* viewModels */,
				9860400823BD8A1100D5B538 /* stores */,
				98B9991F23B50B1B00CA7EF9 /* viewControllers */,
			);
			path = Farmer;
			sourceTree = "<group>";
		};
		98B9991F23B50B1B00CA7EF9 /* viewControllers */ = {
			isa = PBXGroup;
			children = (
				98B9991C23B50ACC00CA7EF9 /* FarmerTableViewController.swift */,
				98A13FBE23C5A75D0087BB22 /* FarmerAddViewController.swift */,
			);
			path = viewControllers;
			sourceTree = "<group>";
		};
		98B9992023B50B3000CA7EF9 /* models */ = {
			isa = PBXGroup;
			children = (
				98B9992123B50B6000CA7EF9 /* Farmer.swift */,
				9805683323B92DD40056D199 /* FarmerFormated.swift */,
			);
			path = models;
			sourceTree = "<group>";
		};
		98B9992523B50E2C00CA7EF9 /* libs */ = {
			isa = PBXGroup;
			children = (
				98B9992323B50E0800CA7EF9 /* Section.swift */,
				98D1929823C0212C00BF9A7A /* ActionDispatcher.swift */,
				98363B4923DEE3C900AFFC63 /* UtilFileReader.swift */,
				98363B6123E028BD00AFFC63 /* Util.swift */,
				98304AD523EE21E200510FFE /* ErrorValueEnum.swift */,
				9854C000240BC1C100E5AB8A /* Identifier.swift */,
				9854C002240BC60400E5AB8A /* ContainerVIewControllers.swift */,
				98BA0D7C240CDDD000948A26 /* UIViewControllerExtension.swift */,
				98BA0D80240CF43600948A26 /* UIViewExtention.swift */,
				98A2C547240E696C002A884B /* AnnotationWithData.swift */,
				989434092410C76D003C0110 /* PolygonWithData.swift */,
				98DB0F4C24286CED0065963B /* UIButtonWithData.swift */,
				98DB0F5624297F960065963B /* TableState.swift */,
			);
			path = libs;
			sourceTree = "<group>";
		};
		98D1929323C01FDF00BF9A7A /* interactions */ = {
			isa = PBXGroup;
			children = (
				98D1929423C020B000BF9A7A /* FarmerTableViewInteractions.swift */,
				98D1929623C020ED00BF9A7A /* FarmerTableViewInteractionsImpl.swift */,
			);
			path = interactions;
			sourceTree = "<group>";
		};
		98D1929C23C03CB000BF9A7A /* middlewares */ = {
			isa = PBXGroup;
			children = (
				98D1929D23C03CF900BF9A7A /* FarmerMiddleware.swift */,
				98D1929F23C03E0800BF9A7A /* GetFarmersMiddleware.swift */,
			);
			path = middlewares;
			sourceTree = "<group>";
		};
/* End PBXGroup section */

/* Begin PBXNativeTarget section */
		9888C4CE243465A900B94A94 /* prototypeGeoTests */ = {
			isa = PBXNativeTarget;
			buildConfigurationList = 9888C4D6243465A900B94A94 /* Build configuration list for PBXNativeTarget "prototypeGeoTests" */;
			buildPhases = (
				9888C4CB243465A900B94A94 /* Sources */,
				9888C4CC243465A900B94A94 /* Frameworks */,
				9888C4CD243465A900B94A94 /* Resources */,
			);
			buildRules = (
			);
			dependencies = (
				9888C4D5243465A900B94A94 /* PBXTargetDependency */,
			);
			name = prototypeGeoTests;
			productName = prototypeGeoTests;
			productReference = 9888C4CF243465A900B94A94 /* prototypeGeoTests.xctest */;
			productType = "com.apple.product-type.bundle.unit-test";
		};
		98B9990123B5076000CA7EF9 /* prototypeGeo */ = {
			isa = PBXNativeTarget;
			buildConfigurationList = 98B9991923B5076400CA7EF9 /* Build configuration list for PBXNativeTarget "prototypeGeo" */;
			buildPhases = (
				98B998FE23B5076000CA7EF9 /* Sources */,
				98B998FF23B5076000CA7EF9 /* Frameworks */,
				98B9990023B5076000CA7EF9 /* Resources */,
				980E049624156495000E57BC /* ShellScript */,
				98B0D5802434586C005F1C42 /* Embed Frameworks */,
				98E18E18243459D700437F3D /* ShellScript */,
			);
			buildRules = (
			);
			dependencies = (
			);
			name = prototypeGeo;
			productName = prototypeGeo;
			productReference = 989BEEB124345CB60018F1D8 /* prototypeGeo.app */;
			productType = "com.apple.product-type.application";
		};
/* End PBXNativeTarget section */

/* Begin PBXProject section */
		98B998FA23B5076000CA7EF9 /* Project object */ = {
			isa = PBXProject;
			attributes = {
				LastSwiftUpdateCheck = 1120;
				LastUpgradeCheck = 1120;
				ORGANIZATIONNAME = "Alexandre Andze Kande";
				TargetAttributes = {
					9888C4CE243465A900B94A94 = {
						CreatedOnToolsVersion = 11.2.1;
						TestTargetID = 98B9990123B5076000CA7EF9;
					};
					98B9990123B5076000CA7EF9 = {
						CreatedOnToolsVersion = 11.2.1;
					};
				};
			};
			buildConfigurationList = 98B998FD23B5076000CA7EF9 /* Build configuration list for PBXProject "prototypeGeo" */;
			compatibilityVersion = "Xcode 9.3";
			developmentRegion = en;
			hasScannedForEncodings = 0;
			knownRegions = (
				en,
				Base,
				fr,
			);
			mainGroup = 98B998F923B5076000CA7EF9;
			productRefGroup = 98B998F923B5076000CA7EF9;
			projectDirPath = "";
			projectRoot = "";
			targets = (
				98B9990123B5076000CA7EF9 /* prototypeGeo */,
				9888C4CE243465A900B94A94 /* prototypeGeoTests */,
			);
		};
/* End PBXProject section */

/* Begin PBXResourcesBuildPhase section */
		9888C4CD243465A900B94A94 /* Resources */ = {
			isa = PBXResourcesBuildPhase;
			buildActionMask = 2147483647;
			files = (
			);
			runOnlyForDeploymentPostprocessing = 0;
		};
		98B9990023B5076000CA7EF9 /* Resources */ = {
			isa = PBXResourcesBuildPhase;
			buildActionMask = 2147483647;
			files = (
				9894341624156067003C0110 /* .swiftlint.yml in Resources */,
				9854BFEC240A2B9900E5AB8A /* Localizable.strings in Resources */,
				98B9991523B5076400CA7EF9 /* LaunchScreen.storyboard in Resources */,
				98B9991223B5076400CA7EF9 /* Assets.xcassets in Resources */,
				98363B4423DEE2AC00AFFC63 /* ACTU.json in Resources */,
				98B9990D23B5076000CA7EF9 /* Main.storyboard in Resources */,
			);
			runOnlyForDeploymentPostprocessing = 0;
		};
/* End PBXResourcesBuildPhase section */

/* Begin PBXShellScriptBuildPhase section */
		980E049624156495000E57BC /* ShellScript */ = {
			isa = PBXShellScriptBuildPhase;
			buildActionMask = 2147483647;
			files = (
			);
			inputFileListPaths = (
			);
			inputPaths = (
			);
			outputFileListPaths = (
			);
			outputPaths = (
			);
			runOnlyForDeploymentPostprocessing = 0;
			shellPath = /bin/sh;
			shellScript = "if which swiftlint >/dev/null; then\n  swiftlint\nelse\n  echo \"warning: SwiftLint not installed, download from https://github.com/realm/SwiftLint\"\nfi\n";
		};
		98E18E18243459D700437F3D /* ShellScript */ = {
			isa = PBXShellScriptBuildPhase;
			buildActionMask = 12;
			files = (
			);
			inputFileListPaths = (
			);
			inputPaths = (
				"$(SRCROOT)/Carthage/Build/iOS/ReSwift.framework",
				"$(SRCROOT)/Carthage/Build/iOS/RxBlocking.framework",
				"$(SRCROOT)/Carthage/Build/iOS/RxCocoa.framework",
				"$(SRCROOT)/Carthage/Build/iOS/RxRelay.framework",
				"$(SRCROOT)/Carthage/Build/iOS/RxSwift.framework",
				"$(SRCROOT)/Carthage/Build/iOS/RxTest.framework",
			);
			outputFileListPaths = (
			);
			outputPaths = (
			);
			runOnlyForDeploymentPostprocessing = 0;
			shellPath = /bin/sh;
			shellScript = "# Type a script or drag a script file from your workspace to insert its path.\n/usr/local/bin/carthage copy-frameworks\n";
		};
/* End PBXShellScriptBuildPhase section */

/* Begin PBXSourcesBuildPhase section */
		9888C4CB243465A900B94A94 /* Sources */ = {
			isa = PBXSourcesBuildPhase;
			buildActionMask = 2147483647;
			files = (
				9888C4D2243465A900B94A94 /* prototypeGeoTests.swift in Sources */,
			);
			runOnlyForDeploymentPostprocessing = 0;
		};
		98B998FE23B5076000CA7EF9 /* Sources */ = {
			isa = PBXSourcesBuildPhase;
			buildActionMask = 2147483647;
			files = (
				9854BFF3240B668F00E5AB8A /* MapDependecyContainer.swift in Sources */,
				988F035D242B0A1B00545D59 /* ContainerElementView.swift in Sources */,
				98A2C548240E696C002A884B /* AnnotationWithData.swift in Sources */,
				98363B4E23DEEABA00AFFC63 /* GetAllFieldsService.swift in Sources */,
				9860400C23BD8EEB00D5B538 /* FarmerState.swift in Sources */,
				98B9990A23B5076000CA7EF9 /* ViewController.swift in Sources */,
				98457B662423E5FA00AF4C90 /* CulturalPraticeViewController.swift in Sources */,
				98363B3C23DED00900AFFC63 /* FieldGeoJsonArray.swift in Sources */,
				98BA0D7F240CE41F00948A26 /* ContainerMapAndListFieldView.swift in Sources */,
				98B9991D23B50ACC00CA7EF9 /* FarmerTableViewController.swift in Sources */,
				98304AD423EE19A400510FFE /* UtilAreaPolygon.swift in Sources */,
				98457B682423E64F00AF4C90 /* CulturalPraticeView.swift in Sources */,
				9810DA4E242F1F9A00545A23 /* CulturalPracticeFormAction.swift in Sources */,
				98304AD623EE21E200510FFE /* ErrorValueEnum.swift in Sources */,
				9854BFF5240B7A9F00E5AB8A /* FieldListInteraction.swift in Sources */,
				98B9990623B5076000CA7EF9 /* AppDelegate.swift in Sources */,
				9854BFE5240A1FA500E5AB8A /* FieldListState.swift in Sources */,
				98BA0D7B240CDC2800948A26 /* ContainerFieldNavigationViewController.swift in Sources */,
				9810DA44242F0FE800545A23 /* CulturalPracticeFormViewModel.swift in Sources */,
				98D1929E23C03CF900BF9A7A /* FarmerMiddleware.swift in Sources */,
				980ECA162430286D00AAD0AB /* HeaderPresentedView.swift in Sources */,
				9810DA4C242F1EEE00545A23 /* CulturalPracticeFormReducer.swift in Sources */,
				98DB0F4D24286CED0065963B /* UIButtonWithData.swift in Sources */,
				9854C003240BC60400E5AB8A /* ContainerVIewControllers.swift in Sources */,
				98363B5323DEED2100AFFC63 /* GetAllFieldMiddleware.swift in Sources */,
				9860400F23BD976800D5B538 /* StoreSubcriberProxy.swift in Sources */,
				9894340A2410C76D003C0110 /* PolygonWithData.swift in Sources */,
				9854BFFF240B9DD500E5AB8A /* FieldCuturalPracticeInteraction.swift in Sources */,
				98DB0F4B242866C50065963B /* SubtitleTableViewCell.swift in Sources */,
				9854C001240BC1C100E5AB8A /* Identifier.swift in Sources */,
				98BA0D7D240CDDD000948A26 /* UIViewControllerExtension.swift in Sources */,
				98363B6023DFF7EA00AFFC63 /* MapFieldView.swift in Sources */,
				9810DA42242F0FCA00545A23 /* CulturalPracticeFormViewController.swift in Sources */,
				980ECA142430261700AAD0AB /* CuturalPracticeFormView.swift in Sources */,
				9805683823B954630056D199 /* FarmerTableViewModel.swift in Sources */,
				98B9992423B50E0800CA7EF9 /* Section.swift in Sources */,
				98B9991023B5076000CA7EF9 /* prototypeGeo.xcdatamodeld in Sources */,
				98D1929723C020ED00BF9A7A /* FarmerTableViewInteractionsImpl.swift in Sources */,
				9860400023BD855F00D5B538 /* AppState.swift in Sources */,
				9810DA48242F135300545A23 /* CulturalPracticeReducer.swift in Sources */,
				98363B4023DED70D00AFFC63 /* MapFieldState.swift in Sources */,
				98363B3E23DED25A00AFFC63 /* Field.swift in Sources */,
				9854BFD72408F5F700E5AB8A /* TitleView.swift in Sources */,
				98B9992223B50B6000CA7EF9 /* Farmer.swift in Sources */,
				9854BFE3240A1D6200E5AB8A /* FieldListViewModelImpl.swift in Sources */,
				98A13FBF23C5A75D0087BB22 /* FarmerAddViewController.swift in Sources */,
				9854BFDF2409047C00E5AB8A /* FieldListView.swift in Sources */,
				9854BFF9240B901A00E5AB8A /* CulturalPracticeViewModel.swift in Sources */,
				98DB0F5724297F960065963B /* TableState.swift in Sources */,
				98363B5123DEEC7A00AFFC63 /* mapFieldMiddleware.swift in Sources */,
				9860400423BD868A00D5B538 /* FarmerTableVIewControllerState.swift in Sources */,
				98D1929B23C034A600BF9A7A /* FamerViewCell.swift in Sources */,
				98943408240F901D003C0110 /* SelectedFieldRightCalloutView.swift in Sources */,
				9854BFFB240B956400E5AB8A /* CulturalPracticeState.swift in Sources */,
				9854BFDD2409000E00E5AB8A /* ContainerFieldNavigationView.swift in Sources */,
				98BA0D81240CF43600948A26 /* UIViewExtention.swift in Sources */,
				98363B4823DEE34F00AFFC63 /* MapFieldRepository.swift in Sources */,
				9805683423B92DD40056D199 /* FarmerFormated.swift in Sources */,
				9860401123BD9C1700D5B538 /* StoreSubscriptionExtension.swift in Sources */,
				9854BFE1240A1C3C00E5AB8A /* ContainerMapAndListFieldViewController.swift in Sources */,
				98D1929923C0212C00BF9A7A /* ActionDispatcher.swift in Sources */,
				9810DA46242F114700545A23 /* CulturalPracticeFormState.swift in Sources */,
				98363B6223E028BD00AFFC63 /* Util.swift in Sources */,
				9854BFD52408F53400E5AB8A /* FieldListViewController.swift in Sources */,
				98D1929523C020B000BF9A7A /* FarmerTableViewInteractions.swift in Sources */,
				98363B2D23DECA3F00AFFC63 /* MapFieldViewController.swift in Sources */,
				98A2C54A240E6BD9002A884B /* PayloadFieldAnnotation.swift in Sources */,
				98363B5523DEF0EC00AFFC63 /* MapFieldInteraction.swift in Sources */,
				9860400623BD882900D5B538 /* Reducers.swift in Sources */,
				98363B4223DEDF6600AFFC63 /* MapFieldAction.swift in Sources */,
				9810DA4A242F184A00545A23 /* CulturalPracticeAction.swift in Sources */,
				98D1929223C012E300BF9A7A /* AppDependencyContainer.swift in Sources */,
				9860400A23BD8BC800D5B538 /* FarmerReducer.swift in Sources */,
				98363B3923DECDA500AFFC63 /* MapState.swift in Sources */,
				9894340C2410FAF0003C0110 /* FieldSelectedViewCell.swift in Sources */,
				98457BAA2427353B00AF4C90 /* CulturalPractice.swift in Sources */,
				98363B3023DECA9F00AFFC63 /* MapFieldViewModel.swift in Sources */,
				98D1929023BFFF7C00BF9A7A /* Actions.swift in Sources */,
				98B9990823B5076000CA7EF9 /* SceneDelegate.swift in Sources */,
				98D192A023C03E0800BF9A7A /* GetFarmersMiddleware.swift in Sources */,
				98363B3623DECD7500AFFC63 /* MapFieldReducer.swift in Sources */,
				98363B4C23DEE57A00AFFC63 /* MapFieldService.swift in Sources */,
				98363B4A23DEE3C900AFFC63 /* UtilFileReader.swift in Sources */,
			);
			runOnlyForDeploymentPostprocessing = 0;
		};
/* End PBXSourcesBuildPhase section */

/* Begin PBXTargetDependency section */
		9888C4D5243465A900B94A94 /* PBXTargetDependency */ = {
			isa = PBXTargetDependency;
			target = 98B9990123B5076000CA7EF9 /* prototypeGeo */;
			targetProxy = 9888C4D4243465A900B94A94 /* PBXContainerItemProxy */;
		};
/* End PBXTargetDependency section */

/* Begin PBXVariantGroup section */
		9854BFEE240A2B9900E5AB8A /* Localizable.strings */ = {
			isa = PBXVariantGroup;
			children = (
				9854BFED240A2B9900E5AB8A /* fr */,
				9854BFEF240A2B9C00E5AB8A /* en */,
			);
			name = Localizable.strings;
			sourceTree = "<group>";
		};
		98B9990B23B5076000CA7EF9 /* Main.storyboard */ = {
			isa = PBXVariantGroup;
			children = (
				98B9990C23B5076000CA7EF9 /* Base */,
				9854BFEA240A2B7B00E5AB8A /* fr */,
			);
			name = Main.storyboard;
			sourceTree = "<group>";
		};
		98B9991323B5076400CA7EF9 /* LaunchScreen.storyboard */ = {
			isa = PBXVariantGroup;
			children = (
				98B9991423B5076400CA7EF9 /* Base */,
				9854BFEB240A2B7B00E5AB8A /* fr */,
			);
			name = LaunchScreen.storyboard;
			sourceTree = "<group>";
		};
/* End PBXVariantGroup section */

/* Begin XCBuildConfiguration section */
		9888C4D7243465A900B94A94 /* Release */ = {
			isa = XCBuildConfiguration;
			buildSettings = {
				ALWAYS_SEARCH_USER_PATHS = NO;
				BUNDLE_LOADER = "$(TEST_HOST)";
				CODE_SIGN_STYLE = Automatic;
				DEVELOPMENT_TEAM = 2W2XM22BW2;
				INFOPLIST_FILE = prototypeGeoTests/Info.plist;
				LD_RUNPATH_SEARCH_PATHS = (
					"$(inherited)",
					"@executable_path/Frameworks",
					"@loader_path/Frameworks",
				);
				PRODUCT_BUNDLE_IDENTIFIER = uqtr.prototypeGeoTests;
				PRODUCT_NAME = "$(TARGET_NAME)";
				SWIFT_VERSION = 5.0;
				TARGETED_DEVICE_FAMILY = "1,2";
				TEST_HOST = "$(BUILT_PRODUCTS_DIR)/prototypeGeo.app/prototypeGeo";
			};
			name = Release;
		};
		98B9991823B5076400CA7EF9 /* Release */ = {
			isa = XCBuildConfiguration;
			buildSettings = {
				ALWAYS_SEARCH_USER_PATHS = YES;
				CLANG_ANALYZER_LOCALIZABILITY_NONLOCALIZED = YES;
				CLANG_ANALYZER_NONNULL = YES;
				CLANG_ANALYZER_NUMBER_OBJECT_CONVERSION = YES_AGGRESSIVE;
				CLANG_CXX_LANGUAGE_STANDARD = "gnu++14";
				CLANG_CXX_LIBRARY = "libc++";
				CLANG_ENABLE_MODULES = YES;
				CLANG_ENABLE_OBJC_ARC = YES;
				CLANG_ENABLE_OBJC_WEAK = YES;
				CLANG_WARN_BLOCK_CAPTURE_AUTORELEASING = YES;
				CLANG_WARN_BOOL_CONVERSION = YES;
				CLANG_WARN_COMMA = YES;
				CLANG_WARN_CONSTANT_CONVERSION = YES;
				CLANG_WARN_DEPRECATED_OBJC_IMPLEMENTATIONS = YES;
				CLANG_WARN_DIRECT_OBJC_ISA_USAGE = YES_ERROR;
				CLANG_WARN_DOCUMENTATION_COMMENTS = YES;
				CLANG_WARN_EMPTY_BODY = YES;
				CLANG_WARN_ENUM_CONVERSION = YES;
				CLANG_WARN_INFINITE_RECURSION = YES;
				CLANG_WARN_INT_CONVERSION = YES;
				CLANG_WARN_NON_LITERAL_NULL_CONVERSION = YES;
				CLANG_WARN_OBJC_IMPLICIT_RETAIN_SELF = YES;
				CLANG_WARN_OBJC_LITERAL_CONVERSION = YES;
				CLANG_WARN_OBJC_ROOT_CLASS = YES_ERROR;
				CLANG_WARN_RANGE_LOOP_ANALYSIS = YES;
				CLANG_WARN_STRICT_PROTOTYPES = YES;
				CLANG_WARN_SUSPICIOUS_MOVE = YES;
				CLANG_WARN_UNGUARDED_AVAILABILITY = YES_AGGRESSIVE;
				CLANG_WARN_UNREACHABLE_CODE = YES;
				CLANG_WARN__DUPLICATE_METHOD_MATCH = YES;
				COPY_PHASE_STRIP = NO;
				DEBUG_INFORMATION_FORMAT = "dwarf-with-dsym";
				ENABLE_NS_ASSERTIONS = NO;
				ENABLE_STRICT_OBJC_MSGSEND = YES;
				GCC_C_LANGUAGE_STANDARD = gnu11;
				GCC_NO_COMMON_BLOCKS = YES;
				GCC_WARN_64_TO_32_BIT_CONVERSION = YES;
				GCC_WARN_ABOUT_RETURN_TYPE = YES_ERROR;
				GCC_WARN_UNDECLARED_SELECTOR = YES;
				GCC_WARN_UNINITIALIZED_AUTOS = YES_AGGRESSIVE;
				GCC_WARN_UNUSED_FUNCTION = YES;
				GCC_WARN_UNUSED_VARIABLE = YES;
				IPHONEOS_DEPLOYMENT_TARGET = 13.2;
				MTL_ENABLE_DEBUG_INFO = NO;
				MTL_FAST_MATH = YES;
				SDKROOT = iphoneos;
				SWIFT_COMPILATION_MODE = wholemodule;
				SWIFT_OPTIMIZATION_LEVEL = "-O";
				VALIDATE_PRODUCT = YES;
			};
			name = Release;
		};
		98B9991B23B5076400CA7EF9 /* Release */ = {
			isa = XCBuildConfiguration;
			buildSettings = {
				ASSETCATALOG_COMPILER_APPICON_NAME = AppIcon;
				CODE_SIGN_IDENTITY = "Apple Development";
				CODE_SIGN_STYLE = Automatic;
				DEVELOPMENT_TEAM = 2W2XM22BW2;
				FRAMEWORK_SEARCH_PATHS = (
					"$(inherited)/**",
					"$(PROJECT_DIR)/Carthage/Build/iOS/**",
					"$(PLATFORM_DIR)/Developer/Library/Frameworks/**",
				);
				INFOPLIST_FILE = prototypeGeo/Info.plist;
				LD_RUNPATH_SEARCH_PATHS = (
					"$(inherited)",
					"@executable_path/Frameworks",
				);
				PRODUCT_BUNDLE_IDENTIFIER = ca.uqtr.prototypegeo;
				PRODUCT_NAME = "$(TARGET_NAME)";
				PROVISIONING_PROFILE_SPECIFIER = "";
				SWIFT_VERSION = 5.0;
				TARGETED_DEVICE_FAMILY = "1,2";
			};
			name = Release;
		};
/* End XCBuildConfiguration section */

/* Begin XCConfigurationList section */
		9888C4D6243465A900B94A94 /* Build configuration list for PBXNativeTarget "prototypeGeoTests" */ = {
			isa = XCConfigurationList;
			buildConfigurations = (
				9888C4D7243465A900B94A94 /* Release */,
			);
			defaultConfigurationIsVisible = 0;
			defaultConfigurationName = Release;
		};
		98B998FD23B5076000CA7EF9 /* Build configuration list for PBXProject "prototypeGeo" */ = {
			isa = XCConfigurationList;
			buildConfigurations = (
				98B9991823B5076400CA7EF9 /* Release */,
			);
			defaultConfigurationIsVisible = 0;
			defaultConfigurationName = Release;
		};
		98B9991923B5076400CA7EF9 /* Build configuration list for PBXNativeTarget "prototypeGeo" */ = {
			isa = XCConfigurationList;
			buildConfigurations = (
				98B9991B23B5076400CA7EF9 /* Release */,
			);
			defaultConfigurationIsVisible = 0;
			defaultConfigurationName = Release;
		};
/* End XCConfigurationList section */

/* Begin XCVersionGroup section */
		98B9990E23B5076000CA7EF9 /* prototypeGeo.xcdatamodeld */ = {
			isa = XCVersionGroup;
			children = (
				98B9990F23B5076000CA7EF9 /* prototypeGeo.xcdatamodel */,
			);
			currentVersion = 98B9990F23B5076000CA7EF9 /* prototypeGeo.xcdatamodel */;
			path = prototypeGeo.xcdatamodeld;
			sourceTree = "<group>";
			versionGroupType = wrapper.xcdatamodel;
		};
/* End XCVersionGroup section */
	};
	rootObject = 98B998FA23B5076000CA7EF9 /* Project object */;
}
