// !$*UTF8*$!
{
	archiveVersion = 1;
	classes = {
	};
	objectVersion = 50;
	objects = {

/* Begin PBXBuildFile section */
		9805683423B92DD40056D199 /* FarmerFormated.swift in Sources */ = {isa = PBXBuildFile; fileRef = 9805683323B92DD40056D199 /* FarmerFormated.swift */; };
		9805683623B9468F0056D199 /* FarmerNavigationController.swift in Sources */ = {isa = PBXBuildFile; fileRef = 9805683523B9468F0056D199 /* FarmerNavigationController.swift */; };
		9805683823B954630056D199 /* FarmerTableViewModel.swift in Sources */ = {isa = PBXBuildFile; fileRef = 9805683723B954630056D199 /* FarmerTableViewModel.swift */; };
		98304AD423EE19A400510FFE /* UtilAreaPolygon.swift in Sources */ = {isa = PBXBuildFile; fileRef = 98304AD323EE19A400510FFE /* UtilAreaPolygon.swift */; };
		98304AD623EE21E200510FFE /* ErrorValueEnum.swift in Sources */ = {isa = PBXBuildFile; fileRef = 98304AD523EE21E200510FFE /* ErrorValueEnum.swift */; };
		98363B2D23DECA3F00AFFC63 /* MapFieldViewController.swift in Sources */ = {isa = PBXBuildFile; fileRef = 98363B2C23DECA3F00AFFC63 /* MapFieldViewController.swift */; };
		98363B3023DECA9F00AFFC63 /* MapFieldViewModel.swift in Sources */ = {isa = PBXBuildFile; fileRef = 98363B2F23DECA9F00AFFC63 /* MapFieldViewModel.swift */; };
		98363B3623DECD7500AFFC63 /* MapFieldReducer.swift in Sources */ = {isa = PBXBuildFile; fileRef = 98363B3523DECD7500AFFC63 /* MapFieldReducer.swift */; };
		98363B3923DECDA500AFFC63 /* MapState.swift in Sources */ = {isa = PBXBuildFile; fileRef = 98363B3823DECDA500AFFC63 /* MapState.swift */; };
		98363B3C23DED00900AFFC63 /* FieldGeoJsonArray.swift in Sources */ = {isa = PBXBuildFile; fileRef = 98363B3B23DED00900AFFC63 /* FieldGeoJsonArray.swift */; };
		98363B3E23DED25A00AFFC63 /* Field.swift in Sources */ = {isa = PBXBuildFile; fileRef = 98363B3D23DED25A00AFFC63 /* Field.swift */; };
		98363B4023DED70D00AFFC63 /* MapFieldState.swift in Sources */ = {isa = PBXBuildFile; fileRef = 98363B3F23DED70D00AFFC63 /* MapFieldState.swift */; };
		98363B4223DEDF6600AFFC63 /* MapFieldAction.swift in Sources */ = {isa = PBXBuildFile; fileRef = 98363B4123DEDF6600AFFC63 /* MapFieldAction.swift */; };
		98363B4423DEE2AC00AFFC63 /* ACTU.json in Resources */ = {isa = PBXBuildFile; fileRef = 98363B4323DEE2AC00AFFC63 /* ACTU.json */; };
		98363B4823DEE34F00AFFC63 /* MapFieldRepository.swift in Sources */ = {isa = PBXBuildFile; fileRef = 98363B4723DEE34F00AFFC63 /* MapFieldRepository.swift */; };
		98363B4A23DEE3C900AFFC63 /* UtilFileReader.swift in Sources */ = {isa = PBXBuildFile; fileRef = 98363B4923DEE3C900AFFC63 /* UtilFileReader.swift */; };
		98363B4C23DEE57A00AFFC63 /* MapFieldService.swift in Sources */ = {isa = PBXBuildFile; fileRef = 98363B4B23DEE57A00AFFC63 /* MapFieldService.swift */; };
		98363B4E23DEEABA00AFFC63 /* GetAllFieldsService.swift in Sources */ = {isa = PBXBuildFile; fileRef = 98363B4D23DEEAB900AFFC63 /* GetAllFieldsService.swift */; };
		98363B5123DEEC7A00AFFC63 /* mapFieldMiddleware.swift in Sources */ = {isa = PBXBuildFile; fileRef = 98363B5023DEEC7A00AFFC63 /* mapFieldMiddleware.swift */; };
		98363B5323DEED2100AFFC63 /* GetAllFieldMiddleware.swift in Sources */ = {isa = PBXBuildFile; fileRef = 98363B5223DEED2100AFFC63 /* GetAllFieldMiddleware.swift */; };
		98363B5523DEF0EC00AFFC63 /* MapFieldInteractionImpl.swift in Sources */ = {isa = PBXBuildFile; fileRef = 98363B5423DEF0EC00AFFC63 /* MapFieldInteractionImpl.swift */; };
		98363B5723DEF21100AFFC63 /* MapFieldInteractionI.swift in Sources */ = {isa = PBXBuildFile; fileRef = 98363B5623DEF21100AFFC63 /* MapFieldInteractionI.swift */; };
		98363B6023DFF7EA00AFFC63 /* MapFieldView.swift in Sources */ = {isa = PBXBuildFile; fileRef = 98363B5F23DFF7EA00AFFC63 /* MapFieldView.swift */; };
		98363B6223E028BD00AFFC63 /* Util.swift in Sources */ = {isa = PBXBuildFile; fileRef = 98363B6123E028BD00AFFC63 /* Util.swift */; };
		9854BFD52408F53400E5AB8A /* FieldListViewController.swift in Sources */ = {isa = PBXBuildFile; fileRef = 9854BFD42408F53400E5AB8A /* FieldListViewController.swift */; };
		9854BFD72408F5F700E5AB8A /* TitleView.swift in Sources */ = {isa = PBXBuildFile; fileRef = 9854BFD62408F5F700E5AB8A /* TitleView.swift */; };
		9854BFDD2409000E00E5AB8A /* ContainerMobileFieldListView.swift in Sources */ = {isa = PBXBuildFile; fileRef = 9854BFDC2409000E00E5AB8A /* ContainerMobileFieldListView.swift */; };
		9854BFDF2409047C00E5AB8A /* FieldListView.swift in Sources */ = {isa = PBXBuildFile; fileRef = 9854BFDE2409047C00E5AB8A /* FieldListView.swift */; };
		9854BFE1240A1C3C00E5AB8A /* ContainerMapAndListFieldViewController.swift in Sources */ = {isa = PBXBuildFile; fileRef = 9854BFE0240A1C3C00E5AB8A /* ContainerMapAndListFieldViewController.swift */; };
		9854BFE3240A1D6200E5AB8A /* FieldListViewModel.swift in Sources */ = {isa = PBXBuildFile; fileRef = 9854BFE2240A1D6200E5AB8A /* FieldListViewModel.swift */; };
		9854BFE5240A1FA500E5AB8A /* FieldListState.swift in Sources */ = {isa = PBXBuildFile; fileRef = 9854BFE4240A1FA500E5AB8A /* FieldListState.swift */; };
		9854BFE7240A224600E5AB8A /* CulturalPractice.swift in Sources */ = {isa = PBXBuildFile; fileRef = 9854BFE6240A224600E5AB8A /* CulturalPractice.swift */; };
		9854BFEC240A2B9900E5AB8A /* Localizable.strings in Resources */ = {isa = PBXBuildFile; fileRef = 9854BFEE240A2B9900E5AB8A /* Localizable.strings */; };
		9860400023BD855F00D5B538 /* AppState.swift in Sources */ = {isa = PBXBuildFile; fileRef = 98603FFF23BD855F00D5B538 /* AppState.swift */; };
		9860400423BD868A00D5B538 /* FarmerTableVIewControllerState.swift in Sources */ = {isa = PBXBuildFile; fileRef = 9860400323BD868A00D5B538 /* FarmerTableVIewControllerState.swift */; };
		9860400623BD882900D5B538 /* Reducers.swift in Sources */ = {isa = PBXBuildFile; fileRef = 9860400523BD882900D5B538 /* Reducers.swift */; };
		9860400A23BD8BC800D5B538 /* FarmerReducer.swift in Sources */ = {isa = PBXBuildFile; fileRef = 9860400923BD8BC800D5B538 /* FarmerReducer.swift */; };
		9860400C23BD8EEB00D5B538 /* FarmerState.swift in Sources */ = {isa = PBXBuildFile; fileRef = 9860400B23BD8EEB00D5B538 /* FarmerState.swift */; };
		9860400F23BD976800D5B538 /* StoreSubcriberProxy.swift in Sources */ = {isa = PBXBuildFile; fileRef = 9860400E23BD976800D5B538 /* StoreSubcriberProxy.swift */; };
		9860401123BD9C1700D5B538 /* StoreSubscriptionExtension.swift in Sources */ = {isa = PBXBuildFile; fileRef = 9860401023BD9C1700D5B538 /* StoreSubscriptionExtension.swift */; };
		98A13FBF23C5A75D0087BB22 /* FarmerAddViewController.swift in Sources */ = {isa = PBXBuildFile; fileRef = 98A13FBE23C5A75D0087BB22 /* FarmerAddViewController.swift */; };
		98B9990623B5076000CA7EF9 /* AppDelegate.swift in Sources */ = {isa = PBXBuildFile; fileRef = 98B9990523B5076000CA7EF9 /* AppDelegate.swift */; };
		98B9990823B5076000CA7EF9 /* SceneDelegate.swift in Sources */ = {isa = PBXBuildFile; fileRef = 98B9990723B5076000CA7EF9 /* SceneDelegate.swift */; };
		98B9990A23B5076000CA7EF9 /* ViewController.swift in Sources */ = {isa = PBXBuildFile; fileRef = 98B9990923B5076000CA7EF9 /* ViewController.swift */; };
		98B9990D23B5076000CA7EF9 /* Main.storyboard in Resources */ = {isa = PBXBuildFile; fileRef = 98B9990B23B5076000CA7EF9 /* Main.storyboard */; };
		98B9991023B5076000CA7EF9 /* prototypeGeo.xcdatamodeld in Sources */ = {isa = PBXBuildFile; fileRef = 98B9990E23B5076000CA7EF9 /* prototypeGeo.xcdatamodeld */; };
		98B9991223B5076400CA7EF9 /* Assets.xcassets in Resources */ = {isa = PBXBuildFile; fileRef = 98B9991123B5076400CA7EF9 /* Assets.xcassets */; };
		98B9991523B5076400CA7EF9 /* LaunchScreen.storyboard in Resources */ = {isa = PBXBuildFile; fileRef = 98B9991323B5076400CA7EF9 /* LaunchScreen.storyboard */; };
		98B9991D23B50ACC00CA7EF9 /* FarmerTableViewController.swift in Sources */ = {isa = PBXBuildFile; fileRef = 98B9991C23B50ACC00CA7EF9 /* FarmerTableViewController.swift */; };
		98B9992223B50B6000CA7EF9 /* Farmer.swift in Sources */ = {isa = PBXBuildFile; fileRef = 98B9992123B50B6000CA7EF9 /* Farmer.swift */; };
		98B9992423B50E0800CA7EF9 /* Section.swift in Sources */ = {isa = PBXBuildFile; fileRef = 98B9992323B50E0800CA7EF9 /* Section.swift */; };
		98D1929023BFFF7C00BF9A7A /* Actions.swift in Sources */ = {isa = PBXBuildFile; fileRef = 98D1928F23BFFF7C00BF9A7A /* Actions.swift */; };
		98D1929223C012E300BF9A7A /* AppDependencyContainer.swift in Sources */ = {isa = PBXBuildFile; fileRef = 98D1929123C012E300BF9A7A /* AppDependencyContainer.swift */; };
		98D1929523C020B000BF9A7A /* FarmerTableViewInteractions.swift in Sources */ = {isa = PBXBuildFile; fileRef = 98D1929423C020B000BF9A7A /* FarmerTableViewInteractions.swift */; };
		98D1929723C020ED00BF9A7A /* FarmerTableViewInteractionsImpl.swift in Sources */ = {isa = PBXBuildFile; fileRef = 98D1929623C020ED00BF9A7A /* FarmerTableViewInteractionsImpl.swift */; };
		98D1929923C0212C00BF9A7A /* ActionDispatcher.swift in Sources */ = {isa = PBXBuildFile; fileRef = 98D1929823C0212C00BF9A7A /* ActionDispatcher.swift */; };
		98D1929B23C034A600BF9A7A /* FamerViewCell.swift in Sources */ = {isa = PBXBuildFile; fileRef = 98D1929A23C034A600BF9A7A /* FamerViewCell.swift */; };
		98D1929E23C03CF900BF9A7A /* FarmerMiddleware.swift in Sources */ = {isa = PBXBuildFile; fileRef = 98D1929D23C03CF900BF9A7A /* FarmerMiddleware.swift */; };
		98D192A023C03E0800BF9A7A /* GetFarmersMiddleware.swift in Sources */ = {isa = PBXBuildFile; fileRef = 98D1929F23C03E0800BF9A7A /* GetFarmersMiddleware.swift */; };
		98FCCDA623C6CAD20028540B /* AppRouter.swift in Sources */ = {isa = PBXBuildFile; fileRef = 98FCCDA523C6CAD20028540B /* AppRouter.swift */; };
		98FCCDA923C6CB760028540B /* NavigationAction.swift in Sources */ = {isa = PBXBuildFile; fileRef = 98FCCDA823C6CB760028540B /* NavigationAction.swift */; };
		98FCCDAB23C6CDDF0028540B /* NavigationReducer.swift in Sources */ = {isa = PBXBuildFile; fileRef = 98FCCDAA23C6CDDF0028540B /* NavigationReducer.swift */; };
		98FCCDAD23C6D3450028540B /* NavigationState.swift in Sources */ = {isa = PBXBuildFile; fileRef = 98FCCDAC23C6D3450028540B /* NavigationState.swift */; };
		98FCCDB023C6F3520028540B /* FarmerRouter.swift in Sources */ = {isa = PBXBuildFile; fileRef = 98FCCDAF23C6F3520028540B /* FarmerRouter.swift */; };
		AF45707174C76E537F6FAC77 /* libPods-prototypeGeo.a in Frameworks */ = {isa = PBXBuildFile; fileRef = 0D913FCD2E376EA77076135B /* libPods-prototypeGeo.a */; };
/* End PBXBuildFile section */

/* Begin PBXContainerItemProxy section */
		98304AE023EE3FD000510FFE /* PBXContainerItemProxy */ = {
			isa = PBXContainerItemProxy;
			containerPortal = 98B998FA23B5076000CA7EF9 /* Project object */;
			proxyType = 1;
			remoteGlobalIDString = 98B9990123B5076000CA7EF9;
			remoteInfo = prototypeGeo;
		};
/* End PBXContainerItemProxy section */

/* Begin PBXFileReference section */
		0D913FCD2E376EA77076135B /* libPods-prototypeGeo.a */ = {isa = PBXFileReference; explicitFileType = archive.ar; includeInIndex = 0; path = "libPods-prototypeGeo.a"; sourceTree = BUILT_PRODUCTS_DIR; };
		4BAA8035D400A8326AEA6A20 /* Pods-prototypeGeo.release.xcconfig */ = {isa = PBXFileReference; includeInIndex = 1; lastKnownFileType = text.xcconfig; name = "Pods-prototypeGeo.release.xcconfig"; path = "Target Support Files/Pods-prototypeGeo/Pods-prototypeGeo.release.xcconfig"; sourceTree = "<group>"; };
		9428EB9698A6FF02520EC6F6 /* Pods-prototypeGeo.debug.xcconfig */ = {isa = PBXFileReference; includeInIndex = 1; lastKnownFileType = text.xcconfig; name = "Pods-prototypeGeo.debug.xcconfig"; path = "Target Support Files/Pods-prototypeGeo/Pods-prototypeGeo.debug.xcconfig"; sourceTree = "<group>"; };
		9805683323B92DD40056D199 /* FarmerFormated.swift */ = {isa = PBXFileReference; lastKnownFileType = sourcecode.swift; path = FarmerFormated.swift; sourceTree = "<group>"; };
		9805683523B9468F0056D199 /* FarmerNavigationController.swift */ = {isa = PBXFileReference; lastKnownFileType = sourcecode.swift; path = FarmerNavigationController.swift; sourceTree = "<group>"; };
		9805683723B954630056D199 /* FarmerTableViewModel.swift */ = {isa = PBXFileReference; lastKnownFileType = sourcecode.swift; path = FarmerTableViewModel.swift; sourceTree = "<group>"; };
		98304AD323EE19A400510FFE /* UtilAreaPolygon.swift */ = {isa = PBXFileReference; lastKnownFileType = sourcecode.swift; path = UtilAreaPolygon.swift; sourceTree = "<group>"; };
		98304AD523EE21E200510FFE /* ErrorValueEnum.swift */ = {isa = PBXFileReference; lastKnownFileType = sourcecode.swift; path = ErrorValueEnum.swift; sourceTree = "<group>"; };
		98304ADB23EE3FD000510FFE /* prototypeGeoTests.xctest */ = {isa = PBXFileReference; explicitFileType = wrapper.cfbundle; includeInIndex = 0; path = prototypeGeoTests.xctest; sourceTree = BUILT_PRODUCTS_DIR; };
		98363B2C23DECA3F00AFFC63 /* MapFieldViewController.swift */ = {isa = PBXFileReference; lastKnownFileType = sourcecode.swift; path = MapFieldViewController.swift; sourceTree = "<group>"; };
		98363B2F23DECA9F00AFFC63 /* MapFieldViewModel.swift */ = {isa = PBXFileReference; lastKnownFileType = sourcecode.swift; path = MapFieldViewModel.swift; sourceTree = "<group>"; };
		98363B3523DECD7500AFFC63 /* MapFieldReducer.swift */ = {isa = PBXFileReference; lastKnownFileType = sourcecode.swift; path = MapFieldReducer.swift; sourceTree = "<group>"; };
		98363B3823DECDA500AFFC63 /* MapState.swift */ = {isa = PBXFileReference; lastKnownFileType = sourcecode.swift; path = MapState.swift; sourceTree = "<group>"; };
		98363B3B23DED00900AFFC63 /* FieldGeoJsonArray.swift */ = {isa = PBXFileReference; lastKnownFileType = sourcecode.swift; path = FieldGeoJsonArray.swift; sourceTree = "<group>"; };
		98363B3D23DED25A00AFFC63 /* Field.swift */ = {isa = PBXFileReference; lastKnownFileType = sourcecode.swift; path = Field.swift; sourceTree = "<group>"; };
		98363B3F23DED70D00AFFC63 /* MapFieldState.swift */ = {isa = PBXFileReference; lastKnownFileType = sourcecode.swift; path = MapFieldState.swift; sourceTree = "<group>"; };
		98363B4123DEDF6600AFFC63 /* MapFieldAction.swift */ = {isa = PBXFileReference; lastKnownFileType = sourcecode.swift; path = MapFieldAction.swift; sourceTree = "<group>"; };
		98363B4323DEE2AC00AFFC63 /* ACTU.json */ = {isa = PBXFileReference; fileEncoding = 4; lastKnownFileType = text.json; path = ACTU.json; sourceTree = "<group>"; };
		98363B4723DEE34F00AFFC63 /* MapFieldRepository.swift */ = {isa = PBXFileReference; lastKnownFileType = sourcecode.swift; path = MapFieldRepository.swift; sourceTree = "<group>"; };
		98363B4923DEE3C900AFFC63 /* UtilFileReader.swift */ = {isa = PBXFileReference; lastKnownFileType = sourcecode.swift; path = UtilFileReader.swift; sourceTree = "<group>"; };
		98363B4B23DEE57A00AFFC63 /* MapFieldService.swift */ = {isa = PBXFileReference; lastKnownFileType = sourcecode.swift; path = MapFieldService.swift; sourceTree = "<group>"; };
		98363B4D23DEEAB900AFFC63 /* GetAllFieldsService.swift */ = {isa = PBXFileReference; lastKnownFileType = sourcecode.swift; path = GetAllFieldsService.swift; sourceTree = "<group>"; };
		98363B5023DEEC7A00AFFC63 /* mapFieldMiddleware.swift */ = {isa = PBXFileReference; lastKnownFileType = sourcecode.swift; path = mapFieldMiddleware.swift; sourceTree = "<group>"; };
		98363B5223DEED2100AFFC63 /* GetAllFieldMiddleware.swift */ = {isa = PBXFileReference; lastKnownFileType = sourcecode.swift; path = GetAllFieldMiddleware.swift; sourceTree = "<group>"; };
		98363B5423DEF0EC00AFFC63 /* MapFieldInteractionImpl.swift */ = {isa = PBXFileReference; lastKnownFileType = sourcecode.swift; path = MapFieldInteractionImpl.swift; sourceTree = "<group>"; };
		98363B5623DEF21100AFFC63 /* MapFieldInteractionI.swift */ = {isa = PBXFileReference; lastKnownFileType = sourcecode.swift; path = MapFieldInteractionI.swift; sourceTree = "<group>"; };
		98363B5F23DFF7EA00AFFC63 /* MapFieldView.swift */ = {isa = PBXFileReference; lastKnownFileType = sourcecode.swift; path = MapFieldView.swift; sourceTree = "<group>"; };
		98363B6123E028BD00AFFC63 /* Util.swift */ = {isa = PBXFileReference; lastKnownFileType = sourcecode.swift; path = Util.swift; sourceTree = "<group>"; };
		9854BFD42408F53400E5AB8A /* FieldListViewController.swift */ = {isa = PBXFileReference; lastKnownFileType = sourcecode.swift; path = FieldListViewController.swift; sourceTree = "<group>"; };
		9854BFD62408F5F700E5AB8A /* TitleView.swift */ = {isa = PBXFileReference; lastKnownFileType = sourcecode.swift; path = TitleView.swift; sourceTree = "<group>"; };
		9854BFDC2409000E00E5AB8A /* ContainerMobileFieldListView.swift */ = {isa = PBXFileReference; lastKnownFileType = sourcecode.swift; path = ContainerMobileFieldListView.swift; sourceTree = "<group>"; };
		9854BFDE2409047C00E5AB8A /* FieldListView.swift */ = {isa = PBXFileReference; lastKnownFileType = sourcecode.swift; path = FieldListView.swift; sourceTree = "<group>"; };
		9854BFE0240A1C3C00E5AB8A /* ContainerMapAndListFieldViewController.swift */ = {isa = PBXFileReference; lastKnownFileType = sourcecode.swift; path = ContainerMapAndListFieldViewController.swift; sourceTree = "<group>"; };
		9854BFE2240A1D6200E5AB8A /* FieldListViewModel.swift */ = {isa = PBXFileReference; lastKnownFileType = sourcecode.swift; path = FieldListViewModel.swift; sourceTree = "<group>"; };
		9854BFE4240A1FA500E5AB8A /* FieldListState.swift */ = {isa = PBXFileReference; lastKnownFileType = sourcecode.swift; path = FieldListState.swift; sourceTree = "<group>"; };
		9854BFE6240A224600E5AB8A /* CulturalPractice.swift */ = {isa = PBXFileReference; lastKnownFileType = sourcecode.swift; path = CulturalPractice.swift; sourceTree = "<group>"; };
		9854BFEA240A2B7B00E5AB8A /* fr */ = {isa = PBXFileReference; lastKnownFileType = text.plist.strings; name = fr; path = fr.lproj/Main.strings; sourceTree = "<group>"; };
		9854BFEB240A2B7B00E5AB8A /* fr */ = {isa = PBXFileReference; lastKnownFileType = text.plist.strings; name = fr; path = fr.lproj/LaunchScreen.strings; sourceTree = "<group>"; };
		9854BFED240A2B9900E5AB8A /* fr */ = {isa = PBXFileReference; lastKnownFileType = text.plist.strings; name = fr; path = fr.lproj/Localizable.strings; sourceTree = "<group>"; };
		9854BFEF240A2B9C00E5AB8A /* en */ = {isa = PBXFileReference; lastKnownFileType = text.plist.strings; name = en; path = en.lproj/Localizable.strings; sourceTree = "<group>"; };
		98603FFF23BD855F00D5B538 /* AppState.swift */ = {isa = PBXFileReference; lastKnownFileType = sourcecode.swift; path = AppState.swift; sourceTree = "<group>"; };
		9860400323BD868A00D5B538 /* FarmerTableVIewControllerState.swift */ = {isa = PBXFileReference; lastKnownFileType = sourcecode.swift; path = FarmerTableVIewControllerState.swift; sourceTree = "<group>"; };
		9860400523BD882900D5B538 /* Reducers.swift */ = {isa = PBXFileReference; lastKnownFileType = sourcecode.swift; path = Reducers.swift; sourceTree = "<group>"; };
		9860400923BD8BC800D5B538 /* FarmerReducer.swift */ = {isa = PBXFileReference; lastKnownFileType = sourcecode.swift; path = FarmerReducer.swift; sourceTree = "<group>"; };
		9860400B23BD8EEB00D5B538 /* FarmerState.swift */ = {isa = PBXFileReference; lastKnownFileType = sourcecode.swift; path = FarmerState.swift; sourceTree = "<group>"; };
		9860400E23BD976800D5B538 /* StoreSubcriberProxy.swift */ = {isa = PBXFileReference; lastKnownFileType = sourcecode.swift; path = StoreSubcriberProxy.swift; sourceTree = "<group>"; };
		9860401023BD9C1700D5B538 /* StoreSubscriptionExtension.swift */ = {isa = PBXFileReference; lastKnownFileType = sourcecode.swift; path = StoreSubscriptionExtension.swift; sourceTree = "<group>"; };
		98A13FBE23C5A75D0087BB22 /* FarmerAddViewController.swift */ = {isa = PBXFileReference; lastKnownFileType = sourcecode.swift; path = FarmerAddViewController.swift; sourceTree = "<group>"; };
		98B9990223B5076000CA7EF9 /* prototypeGeo.app */ = {isa = PBXFileReference; explicitFileType = wrapper.application; includeInIndex = 0; path = prototypeGeo.app; sourceTree = BUILT_PRODUCTS_DIR; };
		98B9990523B5076000CA7EF9 /* AppDelegate.swift */ = {isa = PBXFileReference; lastKnownFileType = sourcecode.swift; path = AppDelegate.swift; sourceTree = "<group>"; };
		98B9990723B5076000CA7EF9 /* SceneDelegate.swift */ = {isa = PBXFileReference; lastKnownFileType = sourcecode.swift; path = SceneDelegate.swift; sourceTree = "<group>"; };
		98B9990923B5076000CA7EF9 /* ViewController.swift */ = {isa = PBXFileReference; lastKnownFileType = sourcecode.swift; path = ViewController.swift; sourceTree = "<group>"; };
		98B9990C23B5076000CA7EF9 /* Base */ = {isa = PBXFileReference; lastKnownFileType = file.storyboard; name = Base; path = Base.lproj/Main.storyboard; sourceTree = "<group>"; };
		98B9990F23B5076000CA7EF9 /* prototypeGeo.xcdatamodel */ = {isa = PBXFileReference; lastKnownFileType = wrapper.xcdatamodel; path = prototypeGeo.xcdatamodel; sourceTree = "<group>"; };
		98B9991123B5076400CA7EF9 /* Assets.xcassets */ = {isa = PBXFileReference; lastKnownFileType = folder.assetcatalog; path = Assets.xcassets; sourceTree = "<group>"; };
		98B9991423B5076400CA7EF9 /* Base */ = {isa = PBXFileReference; lastKnownFileType = file.storyboard; name = Base; path = Base.lproj/LaunchScreen.storyboard; sourceTree = "<group>"; };
		98B9991623B5076400CA7EF9 /* Info.plist */ = {isa = PBXFileReference; lastKnownFileType = text.plist.xml; path = Info.plist; sourceTree = "<group>"; };
		98B9991C23B50ACC00CA7EF9 /* FarmerTableViewController.swift */ = {isa = PBXFileReference; lastKnownFileType = sourcecode.swift; path = FarmerTableViewController.swift; sourceTree = "<group>"; };
		98B9992123B50B6000CA7EF9 /* Farmer.swift */ = {isa = PBXFileReference; lastKnownFileType = sourcecode.swift; path = Farmer.swift; sourceTree = "<group>"; };
		98B9992323B50E0800CA7EF9 /* Section.swift */ = {isa = PBXFileReference; lastKnownFileType = sourcecode.swift; path = Section.swift; sourceTree = "<group>"; };
		98D1928F23BFFF7C00BF9A7A /* Actions.swift */ = {isa = PBXFileReference; lastKnownFileType = sourcecode.swift; path = Actions.swift; sourceTree = "<group>"; };
		98D1929123C012E300BF9A7A /* AppDependencyContainer.swift */ = {isa = PBXFileReference; lastKnownFileType = sourcecode.swift; path = AppDependencyContainer.swift; sourceTree = "<group>"; };
		98D1929423C020B000BF9A7A /* FarmerTableViewInteractions.swift */ = {isa = PBXFileReference; lastKnownFileType = sourcecode.swift; path = FarmerTableViewInteractions.swift; sourceTree = "<group>"; };
		98D1929623C020ED00BF9A7A /* FarmerTableViewInteractionsImpl.swift */ = {isa = PBXFileReference; lastKnownFileType = sourcecode.swift; path = FarmerTableViewInteractionsImpl.swift; sourceTree = "<group>"; };
		98D1929823C0212C00BF9A7A /* ActionDispatcher.swift */ = {isa = PBXFileReference; lastKnownFileType = sourcecode.swift; path = ActionDispatcher.swift; sourceTree = "<group>"; };
		98D1929A23C034A600BF9A7A /* FamerViewCell.swift */ = {isa = PBXFileReference; lastKnownFileType = sourcecode.swift; path = FamerViewCell.swift; sourceTree = "<group>"; };
		98D1929D23C03CF900BF9A7A /* FarmerMiddleware.swift */ = {isa = PBXFileReference; lastKnownFileType = sourcecode.swift; path = FarmerMiddleware.swift; sourceTree = "<group>"; };
		98D1929F23C03E0800BF9A7A /* GetFarmersMiddleware.swift */ = {isa = PBXFileReference; lastKnownFileType = sourcecode.swift; path = GetFarmersMiddleware.swift; sourceTree = "<group>"; };
		98FCCDA523C6CAD20028540B /* AppRouter.swift */ = {isa = PBXFileReference; lastKnownFileType = sourcecode.swift; path = AppRouter.swift; sourceTree = "<group>"; };
		98FCCDA823C6CB760028540B /* NavigationAction.swift */ = {isa = PBXFileReference; lastKnownFileType = sourcecode.swift; path = NavigationAction.swift; sourceTree = "<group>"; };
		98FCCDAA23C6CDDF0028540B /* NavigationReducer.swift */ = {isa = PBXFileReference; lastKnownFileType = sourcecode.swift; path = NavigationReducer.swift; sourceTree = "<group>"; };
		98FCCDAC23C6D3450028540B /* NavigationState.swift */ = {isa = PBXFileReference; lastKnownFileType = sourcecode.swift; path = NavigationState.swift; sourceTree = "<group>"; };
		98FCCDAF23C6F3520028540B /* FarmerRouter.swift */ = {isa = PBXFileReference; lastKnownFileType = sourcecode.swift; path = FarmerRouter.swift; sourceTree = "<group>"; };
/* End PBXFileReference section */

/* Begin PBXFrameworksBuildPhase section */
		98304AD823EE3FD000510FFE /* Frameworks */ = {
			isa = PBXFrameworksBuildPhase;
			buildActionMask = 2147483647;
			files = (
			);
			runOnlyForDeploymentPostprocessing = 0;
		};
		98B998FF23B5076000CA7EF9 /* Frameworks */ = {
			isa = PBXFrameworksBuildPhase;
			buildActionMask = 2147483647;
			files = (
				AF45707174C76E537F6FAC77 /* libPods-prototypeGeo.a in Frameworks */,
			);
			runOnlyForDeploymentPostprocessing = 0;
		};
/* End PBXFrameworksBuildPhase section */

/* Begin PBXGroup section */
		6B0D84C65D87E2DC46C8C46C /* Pods */ = {
			isa = PBXGroup;
			children = (
				9428EB9698A6FF02520EC6F6 /* Pods-prototypeGeo.debug.xcconfig */,
				4BAA8035D400A8326AEA6A20 /* Pods-prototypeGeo.release.xcconfig */,
			);
			path = Pods;
			sourceTree = "<group>";
		};
		886D2C89F000E97D8D9822B3 /* Frameworks */ = {
			isa = PBXGroup;
			children = (
				0D913FCD2E376EA77076135B /* libPods-prototypeGeo.a */,
			);
			name = Frameworks;
			sourceTree = "<group>";
		};
		98304AD223EE185900510FFE /* Calcul */ = {
			isa = PBXGroup;
			children = (
				98304AD323EE19A400510FFE /* UtilAreaPolygon.swift */,
			);
			path = Calcul;
			sourceTree = "<group>";
		};
		98363B2A23DEC70D00AFFC63 /* Map */ = {
			isa = PBXGroup;
			children = (
				98363B5E23DFF7CF00AFFC63 /* views */,
				98363B3123DECADF00AFFC63 /* stores */,
				98363B2E23DECA6200AFFC63 /* viewModels */,
				98363B2B23DEC75400AFFC63 /* viewControllers */,
			);
			path = Map;
			sourceTree = "<group>";
		};
		98363B2B23DEC75400AFFC63 /* viewControllers */ = {
			isa = PBXGroup;
			children = (
				98363B2C23DECA3F00AFFC63 /* MapFieldViewController.swift */,
				9854BFD42408F53400E5AB8A /* FieldListViewController.swift */,
				9854BFE0240A1C3C00E5AB8A /* ContainerMapAndListFieldViewController.swift */,
			);
			path = viewControllers;
			sourceTree = "<group>";
		};
		98363B2E23DECA6200AFFC63 /* viewModels */ = {
			isa = PBXGroup;
			children = (
				98363B2F23DECA9F00AFFC63 /* MapFieldViewModel.swift */,
				9854BFE2240A1D6200E5AB8A /* FieldListViewModel.swift */,
			);
			path = viewModels;
			sourceTree = "<group>";
		};
		98363B3123DECADF00AFFC63 /* stores */ = {
			isa = PBXGroup;
			children = (
				98363B4F23DEEC4500AFFC63 /* middlewares */,
				98363B4623DEE33300AFFC63 /* repositories */,
				98363B4523DEE30600AFFC63 /* services */,
				98363B3A23DECFB400AFFC63 /* models */,
				98363B3723DECD8200AFFC63 /* states */,
				98363B3423DECB2800AFFC63 /* reducers */,
				98363B3323DECB1200AFFC63 /* actions */,
				98363B3223DECAFC00AFFC63 /* interactions */,
			);
			path = stores;
			sourceTree = "<group>";
		};
		98363B3223DECAFC00AFFC63 /* interactions */ = {
			isa = PBXGroup;
			children = (
				98363B5423DEF0EC00AFFC63 /* MapFieldInteractionImpl.swift */,
				98363B5623DEF21100AFFC63 /* MapFieldInteractionI.swift */,
			);
			path = interactions;
			sourceTree = "<group>";
		};
		98363B3323DECB1200AFFC63 /* actions */ = {
			isa = PBXGroup;
			children = (
				98363B4123DEDF6600AFFC63 /* MapFieldAction.swift */,
			);
			path = actions;
			sourceTree = "<group>";
		};
		98363B3423DECB2800AFFC63 /* reducers */ = {
			isa = PBXGroup;
			children = (
				98363B3523DECD7500AFFC63 /* MapFieldReducer.swift */,
			);
			path = reducers;
			sourceTree = "<group>";
		};
		98363B3723DECD8200AFFC63 /* states */ = {
			isa = PBXGroup;
			children = (
				98363B3823DECDA500AFFC63 /* MapState.swift */,
				98363B3F23DED70D00AFFC63 /* MapFieldState.swift */,
				9854BFE4240A1FA500E5AB8A /* FieldListState.swift */,
			);
			path = states;
			sourceTree = "<group>";
		};
		98363B3A23DECFB400AFFC63 /* models */ = {
			isa = PBXGroup;
			children = (
				98363B3B23DED00900AFFC63 /* FieldGeoJsonArray.swift */,
				98363B3D23DED25A00AFFC63 /* Field.swift */,
				9854BFE6240A224600E5AB8A /* CulturalPractice.swift */,
			);
			path = models;
			sourceTree = "<group>";
		};
		98363B4523DEE30600AFFC63 /* services */ = {
			isa = PBXGroup;
			children = (
				98363B4B23DEE57A00AFFC63 /* MapFieldService.swift */,
				98363B4D23DEEAB900AFFC63 /* GetAllFieldsService.swift */,
			);
			path = services;
			sourceTree = "<group>";
		};
		98363B4623DEE33300AFFC63 /* repositories */ = {
			isa = PBXGroup;
			children = (
				98363B4723DEE34F00AFFC63 /* MapFieldRepository.swift */,
			);
			path = repositories;
			sourceTree = "<group>";
		};
		98363B4F23DEEC4500AFFC63 /* middlewares */ = {
			isa = PBXGroup;
			children = (
				98363B5023DEEC7A00AFFC63 /* mapFieldMiddleware.swift */,
				98363B5223DEED2100AFFC63 /* GetAllFieldMiddleware.swift */,
			);
			path = middlewares;
			sourceTree = "<group>";
		};
		98363B5E23DFF7CF00AFFC63 /* views */ = {
			isa = PBXGroup;
			children = (
				98363B5F23DFF7EA00AFFC63 /* MapFieldView.swift */,
				9854BFD62408F5F700E5AB8A /* TitleView.swift */,
				9854BFDC2409000E00E5AB8A /* ContainerMobileFieldListView.swift */,
				9854BFDE2409047C00E5AB8A /* FieldListView.swift */,
			);
			path = views;
			sourceTree = "<group>";
		};
		98603FFE23BD854400D5B538 /* store */ = {
			isa = PBXGroup;
			children = (
				98603FFF23BD855F00D5B538 /* AppState.swift */,
				9860400523BD882900D5B538 /* Reducers.swift */,
				9860400E23BD976800D5B538 /* StoreSubcriberProxy.swift */,
				9860401023BD9C1700D5B538 /* StoreSubscriptionExtension.swift */,
			);
			path = store;
			sourceTree = "<group>";
		};
		9860400223BD864D00D5B538 /* states */ = {
			isa = PBXGroup;
			children = (
				9860400323BD868A00D5B538 /* FarmerTableVIewControllerState.swift */,
				9860400B23BD8EEB00D5B538 /* FarmerState.swift */,
			);
			path = states;
			sourceTree = "<group>";
		};
		9860400723BD8A0400D5B538 /* reducers */ = {
			isa = PBXGroup;
			children = (
				9860400923BD8BC800D5B538 /* FarmerReducer.swift */,
			);
			path = reducers;
			sourceTree = "<group>";
		};
		9860400823BD8A1100D5B538 /* stores */ = {
			isa = PBXGroup;
			children = (
				98B9992023B50B3000CA7EF9 /* models */,
				98D1929C23C03CB000BF9A7A /* middlewares */,
				98D1929323C01FDF00BF9A7A /* interactions */,
				9860400D23BD953000D5B538 /* actions */,
				9860400723BD8A0400D5B538 /* reducers */,
				9860400223BD864D00D5B538 /* states */,
			);
			path = stores;
			sourceTree = "<group>";
		};
		9860400D23BD953000D5B538 /* actions */ = {
			isa = PBXGroup;
			children = (
				98D1928F23BFFF7C00BF9A7A /* Actions.swift */,
			);
			path = actions;
			sourceTree = "<group>";
		};
		987820D123C5A20D0086ED75 /* viewModels */ = {
			isa = PBXGroup;
			children = (
				9805683723B954630056D199 /* FarmerTableViewModel.swift */,
			);
			path = viewModels;
			sourceTree = "<group>";
		};
		987820D223C5A22C0086ED75 /* views */ = {
			isa = PBXGroup;
			children = (
				98D1929A23C034A600BF9A7A /* FamerViewCell.swift */,
			);
			path = views;
			sourceTree = "<group>";
		};
		98B998F923B5076000CA7EF9 = {
			isa = PBXGroup;
			children = (
				98B9990423B5076000CA7EF9 /* prototypeGeo */,
				98B9990323B5076000CA7EF9 /* Products */,
				6B0D84C65D87E2DC46C8C46C /* Pods */,
				886D2C89F000E97D8D9822B3 /* Frameworks */,
			);
			sourceTree = "<group>";
		};
		98B9990323B5076000CA7EF9 /* Products */ = {
			isa = PBXGroup;
			children = (
				98B9990223B5076000CA7EF9 /* prototypeGeo.app */,
				98304ADB23EE3FD000510FFE /* prototypeGeoTests.xctest */,
			);
			name = Products;
			sourceTree = "<group>";
		};
		98B9990423B5076000CA7EF9 /* prototypeGeo */ = {
			isa = PBXGroup;
			children = (
				98304AD223EE185900510FFE /* Calcul */,
				98FCCDA723C6CB230028540B /* routing */,
				98603FFE23BD854400D5B538 /* store */,
				98B9992523B50E2C00CA7EF9 /* libs */,
				98363B2A23DEC70D00AFFC63 /* Map */,
				98B9991E23B50AF100CA7EF9 /* Farmer */,
				98B9990523B5076000CA7EF9 /* AppDelegate.swift */,
				98B9990723B5076000CA7EF9 /* SceneDelegate.swift */,
				98B9990923B5076000CA7EF9 /* ViewController.swift */,
				98B9990B23B5076000CA7EF9 /* Main.storyboard */,
				98B9991123B5076400CA7EF9 /* Assets.xcassets */,
				98B9991323B5076400CA7EF9 /* LaunchScreen.storyboard */,
				98B9991623B5076400CA7EF9 /* Info.plist */,
				98B9990E23B5076000CA7EF9 /* prototypeGeo.xcdatamodeld */,
				98D1929123C012E300BF9A7A /* AppDependencyContainer.swift */,
				98363B4323DEE2AC00AFFC63 /* ACTU.json */,
				9854BFEE240A2B9900E5AB8A /* Localizable.strings */,
			);
			path = prototypeGeo;
			sourceTree = "<group>";
		};
		98B9991E23B50AF100CA7EF9 /* Farmer */ = {
			isa = PBXGroup;
			children = (
				98FCCDAE23C6F3370028540B /* routing */,
				987820D223C5A22C0086ED75 /* views */,
				987820D123C5A20D0086ED75 /* viewModels */,
				9860400823BD8A1100D5B538 /* stores */,
				98B9991F23B50B1B00CA7EF9 /* viewControllers */,
			);
			path = Farmer;
			sourceTree = "<group>";
		};
		98B9991F23B50B1B00CA7EF9 /* viewControllers */ = {
			isa = PBXGroup;
			children = (
				98B9991C23B50ACC00CA7EF9 /* FarmerTableViewController.swift */,
				9805683523B9468F0056D199 /* FarmerNavigationController.swift */,
				98A13FBE23C5A75D0087BB22 /* FarmerAddViewController.swift */,
			);
			path = viewControllers;
			sourceTree = "<group>";
		};
		98B9992023B50B3000CA7EF9 /* models */ = {
			isa = PBXGroup;
			children = (
				98B9992123B50B6000CA7EF9 /* Farmer.swift */,
				9805683323B92DD40056D199 /* FarmerFormated.swift */,
			);
			path = models;
			sourceTree = "<group>";
		};
		98B9992523B50E2C00CA7EF9 /* libs */ = {
			isa = PBXGroup;
			children = (
				98B9992323B50E0800CA7EF9 /* Section.swift */,
				98D1929823C0212C00BF9A7A /* ActionDispatcher.swift */,
				98363B4923DEE3C900AFFC63 /* UtilFileReader.swift */,
				98363B6123E028BD00AFFC63 /* Util.swift */,
				98304AD523EE21E200510FFE /* ErrorValueEnum.swift */,
			);
			path = libs;
			sourceTree = "<group>";
		};
		98D1929323C01FDF00BF9A7A /* interactions */ = {
			isa = PBXGroup;
			children = (
				98D1929423C020B000BF9A7A /* FarmerTableViewInteractions.swift */,
				98D1929623C020ED00BF9A7A /* FarmerTableViewInteractionsImpl.swift */,
			);
			path = interactions;
			sourceTree = "<group>";
		};
		98D1929C23C03CB000BF9A7A /* middlewares */ = {
			isa = PBXGroup;
			children = (
				98D1929D23C03CF900BF9A7A /* FarmerMiddleware.swift */,
				98D1929F23C03E0800BF9A7A /* GetFarmersMiddleware.swift */,
			);
			path = middlewares;
			sourceTree = "<group>";
		};
		98FCCDA723C6CB230028540B /* routing */ = {
			isa = PBXGroup;
			children = (
				98FCCDA523C6CAD20028540B /* AppRouter.swift */,
				98FCCDA823C6CB760028540B /* NavigationAction.swift */,
				98FCCDAA23C6CDDF0028540B /* NavigationReducer.swift */,
				98FCCDAC23C6D3450028540B /* NavigationState.swift */,
			);
			path = routing;
			sourceTree = "<group>";
		};
		98FCCDAE23C6F3370028540B /* routing */ = {
			isa = PBXGroup;
			children = (
				98FCCDAF23C6F3520028540B /* FarmerRouter.swift */,
			);
			path = routing;
			sourceTree = "<group>";
		};
/* End PBXGroup section */

/* Begin PBXNativeTarget section */
		98304ADA23EE3FD000510FFE /* prototypeGeoTests */ = {
			isa = PBXNativeTarget;
			buildConfigurationList = 98304AE223EE3FD000510FFE /* Build configuration list for PBXNativeTarget "prototypeGeoTests" */;
			buildPhases = (
				98304AD723EE3FD000510FFE /* Sources */,
				98304AD823EE3FD000510FFE /* Frameworks */,
				98304AD923EE3FD000510FFE /* Resources */,
			);
			buildRules = (
			);
			dependencies = (
				98304AE123EE3FD000510FFE /* PBXTargetDependency */,
			);
			name = prototypeGeoTests;
			productName = prototypeGeoTests;
			productReference = 98304ADB23EE3FD000510FFE /* prototypeGeoTests.xctest */;
			productType = "com.apple.product-type.bundle.unit-test";
		};
		98B9990123B5076000CA7EF9 /* prototypeGeo */ = {
			isa = PBXNativeTarget;
			buildConfigurationList = 98B9991923B5076400CA7EF9 /* Build configuration list for PBXNativeTarget "prototypeGeo" */;
			buildPhases = (
				608F8C3082615F7AE7B06F77 /* [CP] Check Pods Manifest.lock */,
				98B998FE23B5076000CA7EF9 /* Sources */,
				98B998FF23B5076000CA7EF9 /* Frameworks */,
				98B9990023B5076000CA7EF9 /* Resources */,
			);
			buildRules = (
			);
			dependencies = (
			);
			name = prototypeGeo;
			productName = prototypeGeo;
			productReference = 98B9990223B5076000CA7EF9 /* prototypeGeo.app */;
			productType = "com.apple.product-type.application";
		};
/* End PBXNativeTarget section */

/* Begin PBXProject section */
		98B998FA23B5076000CA7EF9 /* Project object */ = {
			isa = PBXProject;
			attributes = {
				LastSwiftUpdateCheck = 1120;
				LastUpgradeCheck = 1120;
				ORGANIZATIONNAME = "Alexandre Andze Kande";
				TargetAttributes = {
					98304ADA23EE3FD000510FFE = {
						CreatedOnToolsVersion = 11.2.1;
						TestTargetID = 98B9990123B5076000CA7EF9;
					};
					98B9990123B5076000CA7EF9 = {
						CreatedOnToolsVersion = 11.2.1;
					};
				};
			};
			buildConfigurationList = 98B998FD23B5076000CA7EF9 /* Build configuration list for PBXProject "prototypeGeo" */;
			compatibilityVersion = "Xcode 9.3";
			developmentRegion = en;
			hasScannedForEncodings = 0;
			knownRegions = (
				en,
				Base,
				fr,
			);
			mainGroup = 98B998F923B5076000CA7EF9;
			productRefGroup = 98B9990323B5076000CA7EF9 /* Products */;
			projectDirPath = "";
			projectRoot = "";
			targets = (
				98B9990123B5076000CA7EF9 /* prototypeGeo */,
				98304ADA23EE3FD000510FFE /* prototypeGeoTests */,
			);
		};
/* End PBXProject section */

/* Begin PBXResourcesBuildPhase section */
		98304AD923EE3FD000510FFE /* Resources */ = {
			isa = PBXResourcesBuildPhase;
			buildActionMask = 2147483647;
			files = (
			);
			runOnlyForDeploymentPostprocessing = 0;
		};
		98B9990023B5076000CA7EF9 /* Resources */ = {
			isa = PBXResourcesBuildPhase;
			buildActionMask = 2147483647;
			files = (
				9854BFEC240A2B9900E5AB8A /* Localizable.strings in Resources */,
				98B9991523B5076400CA7EF9 /* LaunchScreen.storyboard in Resources */,
				98B9991223B5076400CA7EF9 /* Assets.xcassets in Resources */,
				98363B4423DEE2AC00AFFC63 /* ACTU.json in Resources */,
				98B9990D23B5076000CA7EF9 /* Main.storyboard in Resources */,
			);
			runOnlyForDeploymentPostprocessing = 0;
		};
/* End PBXResourcesBuildPhase section */

/* Begin PBXShellScriptBuildPhase section */
		608F8C3082615F7AE7B06F77 /* [CP] Check Pods Manifest.lock */ = {
			isa = PBXShellScriptBuildPhase;
			buildActionMask = 2147483647;
			files = (
			);
			inputFileListPaths = (
			);
			inputPaths = (
				"${PODS_PODFILE_DIR_PATH}/Podfile.lock",
				"${PODS_ROOT}/Manifest.lock",
			);
			name = "[CP] Check Pods Manifest.lock";
			outputFileListPaths = (
			);
			outputPaths = (
				"$(DERIVED_FILE_DIR)/Pods-prototypeGeo-checkManifestLockResult.txt",
			);
			runOnlyForDeploymentPostprocessing = 0;
			shellPath = /bin/sh;
			shellScript = "diff \"${PODS_PODFILE_DIR_PATH}/Podfile.lock\" \"${PODS_ROOT}/Manifest.lock\" > /dev/null\nif [ $? != 0 ] ; then\n    # print error to STDERR\n    echo \"error: The sandbox is not in sync with the Podfile.lock. Run 'pod install' or update your CocoaPods installation.\" >&2\n    exit 1\nfi\n# This output is used by Xcode 'outputs' to avoid re-running this script phase.\necho \"SUCCESS\" > \"${SCRIPT_OUTPUT_FILE_0}\"\n";
			showEnvVarsInLog = 0;
		};
/* End PBXShellScriptBuildPhase section */

/* Begin PBXSourcesBuildPhase section */
		98304AD723EE3FD000510FFE /* Sources */ = {
			isa = PBXSourcesBuildPhase;
			buildActionMask = 2147483647;
			files = (
			);
			runOnlyForDeploymentPostprocessing = 0;
		};
		98B998FE23B5076000CA7EF9 /* Sources */ = {
			isa = PBXSourcesBuildPhase;
			buildActionMask = 2147483647;
			files = (
				98363B4E23DEEABA00AFFC63 /* GetAllFieldsService.swift in Sources */,
				9860400C23BD8EEB00D5B538 /* FarmerState.swift in Sources */,
				98B9990A23B5076000CA7EF9 /* ViewController.swift in Sources */,
				98363B3C23DED00900AFFC63 /* FieldGeoJsonArray.swift in Sources */,
				98B9991D23B50ACC00CA7EF9 /* FarmerTableViewController.swift in Sources */,
				98304AD423EE19A400510FFE /* UtilAreaPolygon.swift in Sources */,
				98304AD623EE21E200510FFE /* ErrorValueEnum.swift in Sources */,
				98B9990623B5076000CA7EF9 /* AppDelegate.swift in Sources */,
				9854BFE5240A1FA500E5AB8A /* FieldListState.swift in Sources */,
				98D1929E23C03CF900BF9A7A /* FarmerMiddleware.swift in Sources */,
				98FCCDA623C6CAD20028540B /* AppRouter.swift in Sources */,
				98363B5323DEED2100AFFC63 /* GetAllFieldMiddleware.swift in Sources */,
				9860400F23BD976800D5B538 /* StoreSubcriberProxy.swift in Sources */,
				98363B6023DFF7EA00AFFC63 /* MapFieldView.swift in Sources */,
				9805683823B954630056D199 /* FarmerTableViewModel.swift in Sources */,
				98B9992423B50E0800CA7EF9 /* Section.swift in Sources */,
				98B9991023B5076000CA7EF9 /* prototypeGeo.xcdatamodeld in Sources */,
				98D1929723C020ED00BF9A7A /* FarmerTableViewInteractionsImpl.swift in Sources */,
				98FCCDB023C6F3520028540B /* FarmerRouter.swift in Sources */,
				9860400023BD855F00D5B538 /* AppState.swift in Sources */,
				98363B4023DED70D00AFFC63 /* MapFieldState.swift in Sources */,
				98363B3E23DED25A00AFFC63 /* Field.swift in Sources */,
				9854BFD72408F5F700E5AB8A /* TitleView.swift in Sources */,
				98B9992223B50B6000CA7EF9 /* Farmer.swift in Sources */,
				9854BFE3240A1D6200E5AB8A /* FieldListViewModel.swift in Sources */,
				98363B5723DEF21100AFFC63 /* MapFieldInteractionI.swift in Sources */,
				98A13FBF23C5A75D0087BB22 /* FarmerAddViewController.swift in Sources */,
				9854BFDF2409047C00E5AB8A /* FieldListView.swift in Sources */,
				98363B5123DEEC7A00AFFC63 /* mapFieldMiddleware.swift in Sources */,
				98FCCDAB23C6CDDF0028540B /* NavigationReducer.swift in Sources */,
				9860400423BD868A00D5B538 /* FarmerTableVIewControllerState.swift in Sources */,
				98D1929B23C034A600BF9A7A /* FamerViewCell.swift in Sources */,
				9854BFDD2409000E00E5AB8A /* ContainerMobileFieldListView.swift in Sources */,
				98363B4823DEE34F00AFFC63 /* MapFieldRepository.swift in Sources */,
				9805683423B92DD40056D199 /* FarmerFormated.swift in Sources */,
				9860401123BD9C1700D5B538 /* StoreSubscriptionExtension.swift in Sources */,
				9854BFE1240A1C3C00E5AB8A /* ContainerMapAndListFieldViewController.swift in Sources */,
				98FCCDAD23C6D3450028540B /* NavigationState.swift in Sources */,
				98D1929923C0212C00BF9A7A /* ActionDispatcher.swift in Sources */,
				98FCCDA923C6CB760028540B /* NavigationAction.swift in Sources */,
				98363B6223E028BD00AFFC63 /* Util.swift in Sources */,
				9854BFD52408F53400E5AB8A /* FieldListViewController.swift in Sources */,
				98D1929523C020B000BF9A7A /* FarmerTableViewInteractions.swift in Sources */,
				98363B2D23DECA3F00AFFC63 /* MapFieldViewController.swift in Sources */,
				98363B5523DEF0EC00AFFC63 /* MapFieldInteractionImpl.swift in Sources */,
				9860400623BD882900D5B538 /* Reducers.swift in Sources */,
				98363B4223DEDF6600AFFC63 /* MapFieldAction.swift in Sources */,
				98D1929223C012E300BF9A7A /* AppDependencyContainer.swift in Sources */,
				9860400A23BD8BC800D5B538 /* FarmerReducer.swift in Sources */,
				98363B3923DECDA500AFFC63 /* MapState.swift in Sources */,
				98363B3023DECA9F00AFFC63 /* MapFieldViewModel.swift in Sources */,
				98D1929023BFFF7C00BF9A7A /* Actions.swift in Sources */,
				98B9990823B5076000CA7EF9 /* SceneDelegate.swift in Sources */,
				98D192A023C03E0800BF9A7A /* GetFarmersMiddleware.swift in Sources */,
				98363B3623DECD7500AFFC63 /* MapFieldReducer.swift in Sources */,
				98363B4C23DEE57A00AFFC63 /* MapFieldService.swift in Sources */,
				9854BFE7240A224600E5AB8A /* CulturalPractice.swift in Sources */,
				9805683623B9468F0056D199 /* FarmerNavigationController.swift in Sources */,
				98363B4A23DEE3C900AFFC63 /* UtilFileReader.swift in Sources */,
			);
			runOnlyForDeploymentPostprocessing = 0;
		};
/* End PBXSourcesBuildPhase section */

/* Begin PBXTargetDependency section */
		98304AE123EE3FD000510FFE /* PBXTargetDependency */ = {
			isa = PBXTargetDependency;
			target = 98B9990123B5076000CA7EF9 /* prototypeGeo */;
			targetProxy = 98304AE023EE3FD000510FFE /* PBXContainerItemProxy */;
		};
/* End PBXTargetDependency section */

/* Begin PBXVariantGroup section */
		9854BFEE240A2B9900E5AB8A /* Localizable.strings */ = {
			isa = PBXVariantGroup;
			children = (
				9854BFED240A2B9900E5AB8A /* fr */,
				9854BFEF240A2B9C00E5AB8A /* en */,
			);
			name = Localizable.strings;
			sourceTree = "<group>";
		};
		98B9990B23B5076000CA7EF9 /* Main.storyboard */ = {
			isa = PBXVariantGroup;
			children = (
				98B9990C23B5076000CA7EF9 /* Base */,
				9854BFEA240A2B7B00E5AB8A /* fr */,
			);
			name = Main.storyboard;
			sourceTree = "<group>";
		};
		98B9991323B5076400CA7EF9 /* LaunchScreen.storyboard */ = {
			isa = PBXVariantGroup;
			children = (
				98B9991423B5076400CA7EF9 /* Base */,
				9854BFEB240A2B7B00E5AB8A /* fr */,
			);
			name = LaunchScreen.storyboard;
			sourceTree = "<group>";
		};
/* End PBXVariantGroup section */

/* Begin XCBuildConfiguration section */
		98304AE323EE3FD000510FFE /* Debug */ = {
			isa = XCBuildConfiguration;
			buildSettings = {
				BUNDLE_LOADER = "$(TEST_HOST)";
				CODE_SIGN_STYLE = Automatic;
				DEVELOPMENT_TEAM = 2W2XM22BW2;
				INFOPLIST_FILE = prototypeGeoTests/Info.plist;
				LD_RUNPATH_SEARCH_PATHS = (
					"$(inherited)",
					"@executable_path/Frameworks",
					"@loader_path/Frameworks",
				);
				PRODUCT_BUNDLE_IDENTIFIER = uqtr.prototypeGeoTests;
				PRODUCT_NAME = "$(TARGET_NAME)";
				SWIFT_VERSION = 5.0;
				TARGETED_DEVICE_FAMILY = "1,2";
				TEST_HOST = "$(BUILT_PRODUCTS_DIR)/prototypeGeo.app/prototypeGeo";
			};
			name = Debug;
		};
		98304AE423EE3FD000510FFE /* Release */ = {
			isa = XCBuildConfiguration;
			buildSettings = {
				BUNDLE_LOADER = "$(TEST_HOST)";
				CODE_SIGN_STYLE = Automatic;
				DEVELOPMENT_TEAM = 2W2XM22BW2;
				INFOPLIST_FILE = prototypeGeoTests/Info.plist;
				LD_RUNPATH_SEARCH_PATHS = (
					"$(inherited)",
					"@executable_path/Frameworks",
					"@loader_path/Frameworks",
				);
				PRODUCT_BUNDLE_IDENTIFIER = uqtr.prototypeGeoTests;
				PRODUCT_NAME = "$(TARGET_NAME)";
				SWIFT_VERSION = 5.0;
				TARGETED_DEVICE_FAMILY = "1,2";
				TEST_HOST = "$(BUILT_PRODUCTS_DIR)/prototypeGeo.app/prototypeGeo";
			};
			name = Release;
		};
		98B9991723B5076400CA7EF9 /* Debug */ = {
			isa = XCBuildConfiguration;
			buildSettings = {
				ALWAYS_SEARCH_USER_PATHS = NO;
				CLANG_ANALYZER_LOCALIZABILITY_NONLOCALIZED = YES;
				CLANG_ANALYZER_NONNULL = YES;
				CLANG_ANALYZER_NUMBER_OBJECT_CONVERSION = YES_AGGRESSIVE;
				CLANG_CXX_LANGUAGE_STANDARD = "gnu++14";
				CLANG_CXX_LIBRARY = "libc++";
				CLANG_ENABLE_MODULES = YES;
				CLANG_ENABLE_OBJC_ARC = YES;
				CLANG_ENABLE_OBJC_WEAK = YES;
				CLANG_WARN_BLOCK_CAPTURE_AUTORELEASING = YES;
				CLANG_WARN_BOOL_CONVERSION = YES;
				CLANG_WARN_COMMA = YES;
				CLANG_WARN_CONSTANT_CONVERSION = YES;
				CLANG_WARN_DEPRECATED_OBJC_IMPLEMENTATIONS = YES;
				CLANG_WARN_DIRECT_OBJC_ISA_USAGE = YES_ERROR;
				CLANG_WARN_DOCUMENTATION_COMMENTS = YES;
				CLANG_WARN_EMPTY_BODY = YES;
				CLANG_WARN_ENUM_CONVERSION = YES;
				CLANG_WARN_INFINITE_RECURSION = YES;
				CLANG_WARN_INT_CONVERSION = YES;
				CLANG_WARN_NON_LITERAL_NULL_CONVERSION = YES;
				CLANG_WARN_OBJC_IMPLICIT_RETAIN_SELF = YES;
				CLANG_WARN_OBJC_LITERAL_CONVERSION = YES;
				CLANG_WARN_OBJC_ROOT_CLASS = YES_ERROR;
				CLANG_WARN_RANGE_LOOP_ANALYSIS = YES;
				CLANG_WARN_STRICT_PROTOTYPES = YES;
				CLANG_WARN_SUSPICIOUS_MOVE = YES;
				CLANG_WARN_UNGUARDED_AVAILABILITY = YES_AGGRESSIVE;
				CLANG_WARN_UNREACHABLE_CODE = YES;
				CLANG_WARN__DUPLICATE_METHOD_MATCH = YES;
				COPY_PHASE_STRIP = NO;
				DEBUG_INFORMATION_FORMAT = dwarf;
				ENABLE_STRICT_OBJC_MSGSEND = YES;
				ENABLE_TESTABILITY = YES;
				GCC_C_LANGUAGE_STANDARD = gnu11;
				GCC_DYNAMIC_NO_PIC = NO;
				GCC_NO_COMMON_BLOCKS = YES;
				GCC_OPTIMIZATION_LEVEL = 0;
				GCC_PREPROCESSOR_DEFINITIONS = (
					"DEBUG=1",
					"$(inherited)",
				);
				GCC_WARN_64_TO_32_BIT_CONVERSION = YES;
				GCC_WARN_ABOUT_RETURN_TYPE = YES_ERROR;
				GCC_WARN_UNDECLARED_SELECTOR = YES;
				GCC_WARN_UNINITIALIZED_AUTOS = YES_AGGRESSIVE;
				GCC_WARN_UNUSED_FUNCTION = YES;
				GCC_WARN_UNUSED_VARIABLE = YES;
				IPHONEOS_DEPLOYMENT_TARGET = 13.2;
				MTL_ENABLE_DEBUG_INFO = INCLUDE_SOURCE;
				MTL_FAST_MATH = YES;
				ONLY_ACTIVE_ARCH = YES;
				SDKROOT = iphoneos;
				SWIFT_ACTIVE_COMPILATION_CONDITIONS = DEBUG;
				SWIFT_OPTIMIZATION_LEVEL = "-Onone";
			};
			name = Debug;
		};
		98B9991823B5076400CA7EF9 /* Release */ = {
			isa = XCBuildConfiguration;
			buildSettings = {
				ALWAYS_SEARCH_USER_PATHS = NO;
				CLANG_ANALYZER_LOCALIZABILITY_NONLOCALIZED = YES;
				CLANG_ANALYZER_NONNULL = YES;
				CLANG_ANALYZER_NUMBER_OBJECT_CONVERSION = YES_AGGRESSIVE;
				CLANG_CXX_LANGUAGE_STANDARD = "gnu++14";
				CLANG_CXX_LIBRARY = "libc++";
				CLANG_ENABLE_MODULES = YES;
				CLANG_ENABLE_OBJC_ARC = YES;
				CLANG_ENABLE_OBJC_WEAK = YES;
				CLANG_WARN_BLOCK_CAPTURE_AUTORELEASING = YES;
				CLANG_WARN_BOOL_CONVERSION = YES;
				CLANG_WARN_COMMA = YES;
				CLANG_WARN_CONSTANT_CONVERSION = YES;
				CLANG_WARN_DEPRECATED_OBJC_IMPLEMENTATIONS = YES;
				CLANG_WARN_DIRECT_OBJC_ISA_USAGE = YES_ERROR;
				CLANG_WARN_DOCUMENTATION_COMMENTS = YES;
				CLANG_WARN_EMPTY_BODY = YES;
				CLANG_WARN_ENUM_CONVERSION = YES;
				CLANG_WARN_INFINITE_RECURSION = YES;
				CLANG_WARN_INT_CONVERSION = YES;
				CLANG_WARN_NON_LITERAL_NULL_CONVERSION = YES;
				CLANG_WARN_OBJC_IMPLICIT_RETAIN_SELF = YES;
				CLANG_WARN_OBJC_LITERAL_CONVERSION = YES;
				CLANG_WARN_OBJC_ROOT_CLASS = YES_ERROR;
				CLANG_WARN_RANGE_LOOP_ANALYSIS = YES;
				CLANG_WARN_STRICT_PROTOTYPES = YES;
				CLANG_WARN_SUSPICIOUS_MOVE = YES;
				CLANG_WARN_UNGUARDED_AVAILABILITY = YES_AGGRESSIVE;
				CLANG_WARN_UNREACHABLE_CODE = YES;
				CLANG_WARN__DUPLICATE_METHOD_MATCH = YES;
				COPY_PHASE_STRIP = NO;
				DEBUG_INFORMATION_FORMAT = "dwarf-with-dsym";
				ENABLE_NS_ASSERTIONS = NO;
				ENABLE_STRICT_OBJC_MSGSEND = YES;
				GCC_C_LANGUAGE_STANDARD = gnu11;
				GCC_NO_COMMON_BLOCKS = YES;
				GCC_WARN_64_TO_32_BIT_CONVERSION = YES;
				GCC_WARN_ABOUT_RETURN_TYPE = YES_ERROR;
				GCC_WARN_UNDECLARED_SELECTOR = YES;
				GCC_WARN_UNINITIALIZED_AUTOS = YES_AGGRESSIVE;
				GCC_WARN_UNUSED_FUNCTION = YES;
				GCC_WARN_UNUSED_VARIABLE = YES;
				IPHONEOS_DEPLOYMENT_TARGET = 13.2;
				MTL_ENABLE_DEBUG_INFO = NO;
				MTL_FAST_MATH = YES;
				SDKROOT = iphoneos;
				SWIFT_COMPILATION_MODE = wholemodule;
				SWIFT_OPTIMIZATION_LEVEL = "-O";
				VALIDATE_PRODUCT = YES;
			};
			name = Release;
		};
		98B9991A23B5076400CA7EF9 /* Debug */ = {
			isa = XCBuildConfiguration;
			baseConfigurationReference = 9428EB9698A6FF02520EC6F6 /* Pods-prototypeGeo.debug.xcconfig */;
			buildSettings = {
				ASSETCATALOG_COMPILER_APPICON_NAME = AppIcon;
				CODE_SIGN_STYLE = Automatic;
				DEVELOPMENT_TEAM = 2W2XM22BW2;
				INFOPLIST_FILE = prototypeGeo/Info.plist;
				LD_RUNPATH_SEARCH_PATHS = (
					"$(inherited)",
					"@executable_path/Frameworks",
				);
				PRODUCT_BUNDLE_IDENTIFIER = uqtr.prototypeGeo;
				PRODUCT_NAME = "$(TARGET_NAME)";
				SWIFT_VERSION = 5.0;
				TARGETED_DEVICE_FAMILY = "1,2";
			};
			name = Debug;
		};
		98B9991B23B5076400CA7EF9 /* Release */ = {
			isa = XCBuildConfiguration;
			baseConfigurationReference = 4BAA8035D400A8326AEA6A20 /* Pods-prototypeGeo.release.xcconfig */;
			buildSettings = {
				ASSETCATALOG_COMPILER_APPICON_NAME = AppIcon;
				CODE_SIGN_STYLE = Automatic;
				DEVELOPMENT_TEAM = 2W2XM22BW2;
				INFOPLIST_FILE = prototypeGeo/Info.plist;
				LD_RUNPATH_SEARCH_PATHS = (
					"$(inherited)",
					"@executable_path/Frameworks",
				);
				PRODUCT_BUNDLE_IDENTIFIER = uqtr.prototypeGeo;
				PRODUCT_NAME = "$(TARGET_NAME)";
				SWIFT_VERSION = 5.0;
				TARGETED_DEVICE_FAMILY = "1,2";
			};
			name = Release;
		};
/* End XCBuildConfiguration section */

/* Begin XCConfigurationList section */
		98304AE223EE3FD000510FFE /* Build configuration list for PBXNativeTarget "prototypeGeoTests" */ = {
			isa = XCConfigurationList;
			buildConfigurations = (
				98304AE323EE3FD000510FFE /* Debug */,
				98304AE423EE3FD000510FFE /* Release */,
			);
			defaultConfigurationIsVisible = 0;
			defaultConfigurationName = Release;
		};
		98B998FD23B5076000CA7EF9 /* Build configuration list for PBXProject "prototypeGeo" */ = {
			isa = XCConfigurationList;
			buildConfigurations = (
				98B9991723B5076400CA7EF9 /* Debug */,
				98B9991823B5076400CA7EF9 /* Release */,
			);
			defaultConfigurationIsVisible = 0;
			defaultConfigurationName = Release;
		};
		98B9991923B5076400CA7EF9 /* Build configuration list for PBXNativeTarget "prototypeGeo" */ = {
			isa = XCConfigurationList;
			buildConfigurations = (
				98B9991A23B5076400CA7EF9 /* Debug */,
				98B9991B23B5076400CA7EF9 /* Release */,
			);
			defaultConfigurationIsVisible = 0;
			defaultConfigurationName = Release;
		};
/* End XCConfigurationList section */

/* Begin XCVersionGroup section */
		98B9990E23B5076000CA7EF9 /* prototypeGeo.xcdatamodeld */ = {
			isa = XCVersionGroup;
			children = (
				98B9990F23B5076000CA7EF9 /* prototypeGeo.xcdatamodel */,
			);
			currentVersion = 98B9990F23B5076000CA7EF9 /* prototypeGeo.xcdatamodel */;
			path = prototypeGeo.xcdatamodeld;
			sourceTree = "<group>";
			versionGroupType = wrapper.xcdatamodel;
		};
/* End XCVersionGroup section */
	};
	rootObject = 98B998FA23B5076000CA7EF9 /* Project object */;
}
